// !$*UTF8*$!
{
	archiveVersion = 1;
	classes = {
	};
	objectVersion = 46;
	objects = {

/* Begin PBXAggregateTarget section */
		11DD86304FB640DBA44B9509 /* ALL_BUILD */ = {
			isa = PBXAggregateTarget;
			buildConfigurationList = C6A7EC7AB42F46E29558D22F /* Build configuration list for PBXAggregateTarget "ALL_BUILD" */;
			buildPhases = (
				035F0B96467D444396074882 /* CMake Rules */,
			);
			dependencies = (
				D84E87BA6BEF41308850865B /* PBXTargetDependency */,
				0C36AE11020D44EFAD30603E /* PBXTargetDependency */,
				BA54D414D3044E8BB26CABB2 /* PBXTargetDependency */,
			);
			name = ALL_BUILD;
			productName = ALL_BUILD;
		};
		D51530FBC2894A889D30182C /* ZERO_CHECK */ = {
			isa = PBXAggregateTarget;
			buildConfigurationList = 88ECE2220568450BAAC5ACC5 /* Build configuration list for PBXAggregateTarget "ZERO_CHECK" */;
			buildPhases = (
				EE924A059F1045E5A65C8393 /* CMake Rules */,
			);
			dependencies = (
			);
			name = ZERO_CHECK;
			productName = ZERO_CHECK;
		};
/* End PBXAggregateTarget section */

/* Begin PBXBuildFile section */
		02D678B862E44E8B8A25EEE9 /* /Users/yamil.rivera/Repos/wasm_demo/src/externals/boost_1_68_0/libs/regex/src/winstances.cpp */ = {isa = PBXBuildFile; fileRef = F593CC3FA8544E3DA9D33152 /* /Users/yamil.rivera/Repos/wasm_demo/src/externals/boost_1_68_0/libs/regex/src/winstances.cpp */; };
		095B06B39FD74B9CB015E991 /* /Users/yamil.rivera/Repos/wasm_demo/src/externals/boost_1_68_0/libs/program_options/src/cmdline.cpp */ = {isa = PBXBuildFile; fileRef = BC7C7E01D5BE409FAB0B942E /* /Users/yamil.rivera/Repos/wasm_demo/src/externals/boost_1_68_0/libs/program_options/src/cmdline.cpp */; };
		0BBBEDFBD6B24E8FAE8BE675 /* /Users/yamil.rivera/Repos/wasm_demo/src/externals/boost_1_68_0/libs/regex/src/cpp_regex_traits.cpp */ = {isa = PBXBuildFile; fileRef = DCE7BDFF24824150A73FC599 /* /Users/yamil.rivera/Repos/wasm_demo/src/externals/boost_1_68_0/libs/regex/src/cpp_regex_traits.cpp */; };
		0BF7278386CA4BFE8CF4F0E2 /* /Users/yamil.rivera/Repos/wasm_demo/src/externals/boost_1_68_0/libs/regex/src/w32_regex_traits.cpp */ = {isa = PBXBuildFile; fileRef = 78940FEEEC054FB0813A0E8C /* /Users/yamil.rivera/Repos/wasm_demo/src/externals/boost_1_68_0/libs/regex/src/w32_regex_traits.cpp */; };
		0E385DFAF7344590B41614DF /* /Users/yamil.rivera/Repos/wasm_demo/src/externals/boost_1_68_0/libs/program_options/src/value_semantic.cpp */ = {isa = PBXBuildFile; fileRef = 0493AFB4007B46F98052E40B /* /Users/yamil.rivera/Repos/wasm_demo/src/externals/boost_1_68_0/libs/program_options/src/value_semantic.cpp */; };
		1118BAF9A3C6461EB841A8C7 /* /Users/yamil.rivera/Repos/wasm_demo/src/externals/boost_1_68_0/libs/regex/src/icu.cpp */ = {isa = PBXBuildFile; fileRef = 3BDDFA06F1B44C3BBCFADEC7 /* /Users/yamil.rivera/Repos/wasm_demo/src/externals/boost_1_68_0/libs/regex/src/icu.cpp */; };
		1269EAC558F84C5D80FE5B28 /* /Users/yamil.rivera/Repos/wasm_demo/src/externals/boost_1_68_0/libs/context/src/posix/stack_traits.cpp */ = {isa = PBXBuildFile; fileRef = 479837C1C9DE4320AD29F780 /* /Users/yamil.rivera/Repos/wasm_demo/src/externals/boost_1_68_0/libs/context/src/posix/stack_traits.cpp */; };
		1467F565B242468F933246CB /* /Users/yamil.rivera/Repos/wasm_demo/src/externals/boost_1_68_0/libs/filesystem/src/utf8_codecvt_facet.cpp */ = {isa = PBXBuildFile; fileRef = CCC364E893644C4A8869A3A0 /* /Users/yamil.rivera/Repos/wasm_demo/src/externals/boost_1_68_0/libs/filesystem/src/utf8_codecvt_facet.cpp */; };
		18EAD66B5927472695F3A8DB /* /Users/yamil.rivera/Repos/wasm_demo/src/externals/boost_1_68_0/libs/regex/src/fileiter.cpp */ = {isa = PBXBuildFile; fileRef = F44BBC882DA94E0989DB58BE /* /Users/yamil.rivera/Repos/wasm_demo/src/externals/boost_1_68_0/libs/regex/src/fileiter.cpp */; };
		1B30C043AD45475CB5C05E8D /* /Users/yamil.rivera/Repos/wasm_demo/src/externals/boost_1_68_0/libs/regex/src/regex_debug.cpp */ = {isa = PBXBuildFile; fileRef = A27A63B2F3164A7D842200D4 /* /Users/yamil.rivera/Repos/wasm_demo/src/externals/boost_1_68_0/libs/regex/src/regex_debug.cpp */; };
		20DDED41A0984A03BD3C935F /* /Users/yamil.rivera/Repos/wasm_demo/src/externals/boost_1_68_0/libs/context/src/asm/ontop_x86_64_sysv_macho_gas.S */ = {isa = PBXBuildFile; fileRef = CDFF3304C55442CBBB5296DE /* /Users/yamil.rivera/Repos/wasm_demo/src/externals/boost_1_68_0/libs/context/src/asm/ontop_x86_64_sysv_macho_gas.S */; };
		21401DB1C8B24D8B81F3ECE2 /* /Users/yamil.rivera/Repos/wasm_demo/src/externals/boost_1_68_0/libs/fiber/src/future.cpp */ = {isa = PBXBuildFile; fileRef = 9DF9A5B03A2B4AF6B329BC35 /* /Users/yamil.rivera/Repos/wasm_demo/src/externals/boost_1_68_0/libs/fiber/src/future.cpp */; };
		279FB43086894E8F8D66ABA9 /* /Users/yamil.rivera/Repos/wasm_demo/src/externals/boost_1_68_0/libs/fiber/src/timed_mutex.cpp */ = {isa = PBXBuildFile; fileRef = D3CBA3A5DAAE4741865455AB /* /Users/yamil.rivera/Repos/wasm_demo/src/externals/boost_1_68_0/libs/fiber/src/timed_mutex.cpp */; };
		28AEF41CBA03485B9901E6F4 /* /Users/yamil.rivera/Repos/wasm_demo/src/externals/boost_1_68_0/libs/program_options/src/positional_options.cpp */ = {isa = PBXBuildFile; fileRef = 62992E56596542DCA4CC6555 /* /Users/yamil.rivera/Repos/wasm_demo/src/externals/boost_1_68_0/libs/program_options/src/positional_options.cpp */; };
		2B043D661AC5480882593E11 /* /Users/yamil.rivera/Repos/wasm_demo/src/externals/boost_1_68_0/libs/chrono/src/chrono.cpp */ = {isa = PBXBuildFile; fileRef = 078789B8F04E4D81AE49FA09 /* /Users/yamil.rivera/Repos/wasm_demo/src/externals/boost_1_68_0/libs/chrono/src/chrono.cpp */; };
		2B1FDCE3FD00436EBF417A07 /* /Users/yamil.rivera/Repos/wasm_demo/src/externals/boost_1_68_0/libs/regex/src/regex_raw_buffer.cpp */ = {isa = PBXBuildFile; fileRef = 93E0232D0EC54BD0AA435E62 /* /Users/yamil.rivera/Repos/wasm_demo/src/externals/boost_1_68_0/libs/regex/src/regex_raw_buffer.cpp */; };
		32D74AE8FF4D474DA41D6182 /* /Users/yamil.rivera/Repos/wasm_demo/src/externals/boost_1_68_0/libs/fiber/src/scheduler.cpp */ = {isa = PBXBuildFile; fileRef = 29322B0C975B4493AA20CC58 /* /Users/yamil.rivera/Repos/wasm_demo/src/externals/boost_1_68_0/libs/fiber/src/scheduler.cpp */; };
		33326BC63BAE4984B9DA4E12 /* /Users/yamil.rivera/Repos/wasm_demo/src/externals/boost_1_68_0/libs/regex/src/c_regex_traits.cpp */ = {isa = PBXBuildFile; fileRef = 37143863DE1F4320A23BE6F2 /* /Users/yamil.rivera/Repos/wasm_demo/src/externals/boost_1_68_0/libs/regex/src/c_regex_traits.cpp */; };
		3A30F46504114863B79A3BBA /* /Users/yamil.rivera/Repos/wasm_demo/src/externals/boost_1_68_0/libs/date_time/src/gregorian/gregorian_types.cpp */ = {isa = PBXBuildFile; fileRef = E2EFB94660CF4882A26E1D86 /* /Users/yamil.rivera/Repos/wasm_demo/src/externals/boost_1_68_0/libs/date_time/src/gregorian/gregorian_types.cpp */; };
		3DAA992C5A83484692313332 /* /Users/yamil.rivera/Repos/wasm_demo/src/externals/boost_1_68_0/libs/program_options/src/winmain.cpp */ = {isa = PBXBuildFile; fileRef = 94270DE2A9AA445987FCA429 /* /Users/yamil.rivera/Repos/wasm_demo/src/externals/boost_1_68_0/libs/program_options/src/winmain.cpp */; };
		3FA514B45F6C48E1AF843027 /* /Users/yamil.rivera/Repos/wasm_demo/src/externals/boost_1_68_0/libs/fiber/src/mutex.cpp */ = {isa = PBXBuildFile; fileRef = 4AB8EFD72885498BA81AC869 /* /Users/yamil.rivera/Repos/wasm_demo/src/externals/boost_1_68_0/libs/fiber/src/mutex.cpp */; };
		47740499C6884FF98A9B63F4 /* /Users/yamil.rivera/Repos/wasm_demo/src/externals/boost_1_68_0/libs/program_options/src/utf8_codecvt_facet.cpp */ = {isa = PBXBuildFile; fileRef = 7316C4346DC54657BC9E7302 /* /Users/yamil.rivera/Repos/wasm_demo/src/externals/boost_1_68_0/libs/program_options/src/utf8_codecvt_facet.cpp */; };
		4CAC6A39CB334608ADFD83AB /* /Users/yamil.rivera/Repos/wasm_demo/src/externals/boost_1_68_0/libs/regex/src/regex.cpp */ = {isa = PBXBuildFile; fileRef = 94BA6E87801D4C5EA20C09EB /* /Users/yamil.rivera/Repos/wasm_demo/src/externals/boost_1_68_0/libs/regex/src/regex.cpp */; };
		4E7D28BCAEBB4EF39B3F83ED /* /Users/yamil.rivera/Repos/wasm_demo/src/externals/boost_1_68_0/libs/fiber/src/properties.cpp */ = {isa = PBXBuildFile; fileRef = 9D49E7A4C89C4F228C4ECF91 /* /Users/yamil.rivera/Repos/wasm_demo/src/externals/boost_1_68_0/libs/fiber/src/properties.cpp */; };
		5AE0EE3E27CB492D9720CF50 /* /Users/yamil.rivera/Repos/wasm_demo/src/externals/boost_1_68_0/libs/fiber/src/context.cpp */ = {isa = PBXBuildFile; fileRef = 698BB8B74054491BA85DC34D /* /Users/yamil.rivera/Repos/wasm_demo/src/externals/boost_1_68_0/libs/fiber/src/context.cpp */; };
		5EF8B41FD004430F887C0C9E /* /Users/yamil.rivera/Repos/wasm_demo/src/externals/boost_1_68_0/libs/regex/src/wide_posix_api.cpp */ = {isa = PBXBuildFile; fileRef = AEBB798DEBC44CA89CC22EF7 /* /Users/yamil.rivera/Repos/wasm_demo/src/externals/boost_1_68_0/libs/regex/src/wide_posix_api.cpp */; };
		606778F7A02C40A8AA67F994 /* /Users/yamil.rivera/Repos/wasm_demo/src/externals/boost_1_68_0/libs/fiber/src/barrier.cpp */ = {isa = PBXBuildFile; fileRef = D0EFCC2933B94CF682194F57 /* /Users/yamil.rivera/Repos/wasm_demo/src/externals/boost_1_68_0/libs/fiber/src/barrier.cpp */; };
		64F66746B252417EB50F8B6A /* /Users/yamil.rivera/Repos/wasm_demo/src/externals/boost_1_68_0/libs/program_options/src/convert.cpp */ = {isa = PBXBuildFile; fileRef = BE3BF330EA10481BA4F16C89 /* /Users/yamil.rivera/Repos/wasm_demo/src/externals/boost_1_68_0/libs/program_options/src/convert.cpp */; };
		66F178EE4A234C039C823D2D /* /Users/yamil.rivera/Repos/wasm_demo/src/externals/boost_1_68_0/libs/fiber/src/fiber.cpp */ = {isa = PBXBuildFile; fileRef = 1939B6D822FC4A8DA0D96547 /* /Users/yamil.rivera/Repos/wasm_demo/src/externals/boost_1_68_0/libs/fiber/src/fiber.cpp */; };
		67300D7836424CF59CB5BD33 /* /Users/yamil.rivera/Repos/wasm_demo/src/externals/boost_1_68_0/libs/program_options/src/config_file.cpp */ = {isa = PBXBuildFile; fileRef = E8EEBC4DAE92458798B13649 /* /Users/yamil.rivera/Repos/wasm_demo/src/externals/boost_1_68_0/libs/program_options/src/config_file.cpp */; };
		6803751DE3E74A908D4BD574 /* /Users/yamil.rivera/Repos/wasm_demo/src/libs/drm_utils/src/crypto_utils.cpp */ = {isa = PBXBuildFile; fileRef = 7FB9569D48224AC39222D8D2 /* /Users/yamil.rivera/Repos/wasm_demo/src/libs/drm_utils/src/crypto_utils.cpp */; };
		687D4BB3D40C41318574F424 /* /Users/yamil.rivera/Repos/wasm_demo/src/externals/boost_1_68_0/libs/date_time/src/gregorian/greg_weekday.cpp */ = {isa = PBXBuildFile; fileRef = 5587E618C04344C9AD0F2B30 /* /Users/yamil.rivera/Repos/wasm_demo/src/externals/boost_1_68_0/libs/date_time/src/gregorian/greg_weekday.cpp */; };
		694A294951A24AFE8BBB58A6 /* /Users/yamil.rivera/Repos/wasm_demo/src/libs/drm_utils/CMakeLists.txt */ = {isa = PBXBuildFile; fileRef = 78C9A3C162E24A5FA519142B /* /Users/yamil.rivera/Repos/wasm_demo/src/libs/drm_utils/CMakeLists.txt */; };
		6A3C90645E484B38A4CABFC5 /* /Users/yamil.rivera/Repos/wasm_demo/src/externals/boost_1_68_0/libs/program_options/src/split.cpp */ = {isa = PBXBuildFile; fileRef = BB67126C871F455592BD52F5 /* /Users/yamil.rivera/Repos/wasm_demo/src/externals/boost_1_68_0/libs/program_options/src/split.cpp */; };
		6DF22CAE2EF543C1B62E6FD4 /* /Users/yamil.rivera/Repos/wasm_demo/src/externals/boost_1_68_0/libs/regex/src/static_mutex.cpp */ = {isa = PBXBuildFile; fileRef = D7BC02BE7055434FA14BF0C5 /* /Users/yamil.rivera/Repos/wasm_demo/src/externals/boost_1_68_0/libs/regex/src/static_mutex.cpp */; };
		706209C925E04A5B9F22A820 /* /Users/yamil.rivera/Repos/wasm_demo/src/externals/boost_1_68_0/libs/filesystem/src/operations.cpp */ = {isa = PBXBuildFile; fileRef = ECF5A001841F483B99C47BA1 /* /Users/yamil.rivera/Repos/wasm_demo/src/externals/boost_1_68_0/libs/filesystem/src/operations.cpp */; };
		72BD11EFA6924C6AAED3145B /* /Users/yamil.rivera/Repos/wasm_demo/src/externals/boost_1_68_0/libs/regex/src/cregex.cpp */ = {isa = PBXBuildFile; fileRef = CB6688CB12264E50A805FB25 /* /Users/yamil.rivera/Repos/wasm_demo/src/externals/boost_1_68_0/libs/regex/src/cregex.cpp */; };
		730C7FC9B84B44AABC2A6BB2 /* /Users/yamil.rivera/Repos/wasm_demo/src/externals/boost_1_68_0/libs/regex/src/usinstances.cpp */ = {isa = PBXBuildFile; fileRef = 040B18B9A7F140C084A5145D /* /Users/yamil.rivera/Repos/wasm_demo/src/externals/boost_1_68_0/libs/regex/src/usinstances.cpp */; };
		772317230E8049C0B7B51C71 /* /Users/yamil.rivera/Repos/wasm_demo/src/externals/boost_1_68_0/libs/regex/src/wc_regex_traits.cpp */ = {isa = PBXBuildFile; fileRef = 8D82F97EB67B41DC98C35ABA /* /Users/yamil.rivera/Repos/wasm_demo/src/externals/boost_1_68_0/libs/regex/src/wc_regex_traits.cpp */; };
		7F1B488469F442C69DC9F755 /* /Users/yamil.rivera/Repos/wasm_demo/src/externals/boost_1_68_0/libs/filesystem/src/unique_path.cpp */ = {isa = PBXBuildFile; fileRef = 8417BA10171D42C08EE382DC /* /Users/yamil.rivera/Repos/wasm_demo/src/externals/boost_1_68_0/libs/filesystem/src/unique_path.cpp */; };
		8090B956FFC447E08C4F689E /* /Users/yamil.rivera/Repos/wasm_demo/src/externals/boost_1_68_0/libs/program_options/src/parsers.cpp */ = {isa = PBXBuildFile; fileRef = 959971C8C62F48BEA4A77E92 /* /Users/yamil.rivera/Repos/wasm_demo/src/externals/boost_1_68_0/libs/program_options/src/parsers.cpp */; };
		8829E6A5CE6C4EE3A4044BE0 /* /Users/yamil.rivera/Repos/wasm_demo/src/externals/boost_1_68_0/libs/system/src/error_code.cpp */ = {isa = PBXBuildFile; fileRef = B18FA39DF1CF442CA9E21B69 /* /Users/yamil.rivera/Repos/wasm_demo/src/externals/boost_1_68_0/libs/system/src/error_code.cpp */; };
		927CB2D9B735419A80A78A4C /* /Users/yamil.rivera/Repos/wasm_demo/src/externals/boost_1_68_0/libs/date_time/src/gregorian/greg_month.cpp */ = {isa = PBXBuildFile; fileRef = 53CDA8FD8596429484A4B2A4 /* /Users/yamil.rivera/Repos/wasm_demo/src/externals/boost_1_68_0/libs/date_time/src/gregorian/greg_month.cpp */; };
		92AD0C61FB6D4F1B94722B61 /* /Users/yamil.rivera/Repos/wasm_demo/src/externals/boost_1_68_0/libs/filesystem/src/codecvt_error_category.cpp */ = {isa = PBXBuildFile; fileRef = BAF0580648D2429385A90A4D /* /Users/yamil.rivera/Repos/wasm_demo/src/externals/boost_1_68_0/libs/filesystem/src/codecvt_error_category.cpp */; };
		939756FB1DA948DE98612AAF /* /Users/yamil.rivera/Repos/wasm_demo/src/externals/boost_1_68_0/libs/fiber/src/recursive_mutex.cpp */ = {isa = PBXBuildFile; fileRef = 42064708A2EC410892231716 /* /Users/yamil.rivera/Repos/wasm_demo/src/externals/boost_1_68_0/libs/fiber/src/recursive_mutex.cpp */; };
		969572FD1FE644748E4EE1FC /* /Users/yamil.rivera/Repos/wasm_demo/src/externals/boost_1_68_0/libs/filesystem/src/windows_file_codecvt.cpp */ = {isa = PBXBuildFile; fileRef = 86C83F9387264E9F87C38ACE /* /Users/yamil.rivera/Repos/wasm_demo/src/externals/boost_1_68_0/libs/filesystem/src/windows_file_codecvt.cpp */; };
		99611AA1B1604C7BAD846ABC /* /Users/yamil.rivera/Repos/wasm_demo/src/externals/boost_1_68_0/libs/filesystem/src/path_traits.cpp */ = {isa = PBXBuildFile; fileRef = DD2CAAFB6CDA418D899BA218 /* /Users/yamil.rivera/Repos/wasm_demo/src/externals/boost_1_68_0/libs/filesystem/src/path_traits.cpp */; };
		9F73735790664DE5BF5A04AA /* /Users/yamil.rivera/Repos/wasm_demo/src/externals/boost_1_68_0/CMakeLists.txt */ = {isa = PBXBuildFile; fileRef = 561823BFE22C4FD7BB5A91CB /* /Users/yamil.rivera/Repos/wasm_demo/src/externals/boost_1_68_0/CMakeLists.txt */; };
		AF9E40FE921B4D2CBB48A4C5 /* /Users/yamil.rivera/Repos/wasm_demo/src/externals/boost_1_68_0/libs/fiber/src/algo/algorithm.cpp */ = {isa = PBXBuildFile; fileRef = BA6107C22DE3474B8758F48F /* /Users/yamil.rivera/Repos/wasm_demo/src/externals/boost_1_68_0/libs/fiber/src/algo/algorithm.cpp */; };
		B5925CF3816443D2BB8699E3 /* /Users/yamil.rivera/Repos/wasm_demo/src/externals/boost_1_68_0/libs/chrono/src/process_cpu_clocks.cpp */ = {isa = PBXBuildFile; fileRef = A7BD0E1BC82846F4A849EE6D /* /Users/yamil.rivera/Repos/wasm_demo/src/externals/boost_1_68_0/libs/chrono/src/process_cpu_clocks.cpp */; };
		B8F276F4CFF24FBFBFAE6A20 /* /Users/yamil.rivera/Repos/wasm_demo/src/externals/boost_1_68_0/libs/fiber/src/algo/shared_work.cpp */ = {isa = PBXBuildFile; fileRef = 8759EC58ABB84CC68912D7B5 /* /Users/yamil.rivera/Repos/wasm_demo/src/externals/boost_1_68_0/libs/fiber/src/algo/shared_work.cpp */; };
		BC719BF620E64B748C665921 /* /Users/yamil.rivera/Repos/wasm_demo/src/libs/drm_utils/include/drm_utils.h */ = {isa = PBXBuildFile; fileRef = 97887F3FB1EF4B6094E983D9 /* /Users/yamil.rivera/Repos/wasm_demo/src/libs/drm_utils/include/drm_utils.h */; };
		BC81DF61522648BCB4CC760A /* /Users/yamil.rivera/Repos/wasm_demo/src/externals/boost_1_68_0/libs/fiber/src/condition_variable.cpp */ = {isa = PBXBuildFile; fileRef = 692E78EA8D5F4C25902CB68C /* /Users/yamil.rivera/Repos/wasm_demo/src/externals/boost_1_68_0/libs/fiber/src/condition_variable.cpp */; };
		BD2758E0668B4AB5A24D2565 /* /Users/yamil.rivera/Repos/wasm_demo/src/externals/boost_1_68_0/libs/regex/src/regex_traits_defaults.cpp */ = {isa = PBXBuildFile; fileRef = CC9378018C25438388C67DA4 /* /Users/yamil.rivera/Repos/wasm_demo/src/externals/boost_1_68_0/libs/regex/src/regex_traits_defaults.cpp */; };
		C07658375281425781EFA22E /* /Users/yamil.rivera/Repos/wasm_demo/src/externals/boost_1_68_0/libs/filesystem/src/portability.cpp */ = {isa = PBXBuildFile; fileRef = 8F9CF51295B64C9FB88936D0 /* /Users/yamil.rivera/Repos/wasm_demo/src/externals/boost_1_68_0/libs/filesystem/src/portability.cpp */; };
		CAEBF8FDFAEB4613B4D950D4 /* /Users/yamil.rivera/Repos/wasm_demo/src/externals/boost_1_68_0/libs/program_options/src/options_description.cpp */ = {isa = PBXBuildFile; fileRef = 2C51D59608E64C40BEC064F3 /* /Users/yamil.rivera/Repos/wasm_demo/src/externals/boost_1_68_0/libs/program_options/src/options_description.cpp */; };
		D2A954F80760421C8BDBB2F9 /* /Users/yamil.rivera/Repos/wasm_demo/src/externals/boost_1_68_0/libs/regex/src/posix_api.cpp */ = {isa = PBXBuildFile; fileRef = 568CEBDAF8CC4EA9A45974EA /* /Users/yamil.rivera/Repos/wasm_demo/src/externals/boost_1_68_0/libs/regex/src/posix_api.cpp */; };
		D7DEDB014A1D4659B9ADF7F9 /* /Users/yamil.rivera/Repos/wasm_demo/src/externals/boost_1_68_0/libs/fiber/src/algo/work_stealing.cpp */ = {isa = PBXBuildFile; fileRef = 9BBE5A7497ED4A7187537A48 /* /Users/yamil.rivera/Repos/wasm_demo/src/externals/boost_1_68_0/libs/fiber/src/algo/work_stealing.cpp */; };
		DA8A578D1BCF432E938F4E66 /* /Users/yamil.rivera/Repos/wasm_demo/src/externals/boost_1_68_0/libs/filesystem/src/path.cpp */ = {isa = PBXBuildFile; fileRef = 31732D3D02C140BBB127B43A /* /Users/yamil.rivera/Repos/wasm_demo/src/externals/boost_1_68_0/libs/filesystem/src/path.cpp */; };
		DB36F6C22F724996A7194AE0 /* /Users/yamil.rivera/Repos/wasm_demo/src/externals/boost_1_68_0/libs/program_options/src/variables_map.cpp */ = {isa = PBXBuildFile; fileRef = 5377695171334C518CBE7071 /* /Users/yamil.rivera/Repos/wasm_demo/src/externals/boost_1_68_0/libs/program_options/src/variables_map.cpp */; };
		E02922BF71CA49DFB5CF81AF /* /Users/yamil.rivera/Repos/wasm_demo/src/externals/boost_1_68_0/libs/fiber/src/algo/round_robin.cpp */ = {isa = PBXBuildFile; fileRef = 22006E9B8A2E4399BED6BFDB /* /Users/yamil.rivera/Repos/wasm_demo/src/externals/boost_1_68_0/libs/fiber/src/algo/round_robin.cpp */; };
		EE064939192E4808BAF613F0 /* /Users/yamil.rivera/Repos/wasm_demo/src/externals/boost_1_68_0/libs/context/src/execution_context.cpp */ = {isa = PBXBuildFile; fileRef = C22504046DF942A982BD0EB0 /* /Users/yamil.rivera/Repos/wasm_demo/src/externals/boost_1_68_0/libs/context/src/execution_context.cpp */; };
		F05E0739C1D3437A9BD11F88 /* /Users/yamil.rivera/Repos/wasm_demo/src/externals/boost_1_68_0/libs/fiber/src/recursive_timed_mutex.cpp */ = {isa = PBXBuildFile; fileRef = 978363CDF9B246CC989DA0BB /* /Users/yamil.rivera/Repos/wasm_demo/src/externals/boost_1_68_0/libs/fiber/src/recursive_timed_mutex.cpp */; };
		F5378DD9A30C4843A23336CD /* /Users/yamil.rivera/Repos/wasm_demo/src/externals/boost_1_68_0/libs/context/src/asm/make_x86_64_sysv_macho_gas.S */ = {isa = PBXBuildFile; fileRef = AC44AC3F169840739776894D /* /Users/yamil.rivera/Repos/wasm_demo/src/externals/boost_1_68_0/libs/context/src/asm/make_x86_64_sysv_macho_gas.S */; };
		F65C7554FAC9464A87828D76 /* /Users/yamil.rivera/Repos/wasm_demo/src/externals/boost_1_68_0/libs/date_time/src/gregorian/date_generators.cpp */ = {isa = PBXBuildFile; fileRef = D2D552943BB34E969B8FF7CD /* /Users/yamil.rivera/Repos/wasm_demo/src/externals/boost_1_68_0/libs/date_time/src/gregorian/date_generators.cpp */; };
		F743F93A596A4A13B3168C35 /* /Users/yamil.rivera/Repos/wasm_demo/src/externals/boost_1_68_0/libs/regex/src/instances.cpp */ = {isa = PBXBuildFile; fileRef = 5246261667804AECB9BF21BE /* /Users/yamil.rivera/Repos/wasm_demo/src/externals/boost_1_68_0/libs/regex/src/instances.cpp */; };
		F7A05461B9F944D694BAA8A0 /* /Users/yamil.rivera/Repos/wasm_demo/src/externals/boost_1_68_0/libs/chrono/src/thread_clock.cpp */ = {isa = PBXBuildFile; fileRef = 9B42AC3521C141908E263415 /* /Users/yamil.rivera/Repos/wasm_demo/src/externals/boost_1_68_0/libs/chrono/src/thread_clock.cpp */; };
		FD4095CF6C97404B919F6F65 /* /Users/yamil.rivera/Repos/wasm_demo/src/externals/boost_1_68_0/libs/context/src/asm/jump_x86_64_sysv_macho_gas.S */ = {isa = PBXBuildFile; fileRef = 89EA4FBCC1164BA2A78EB197 /* /Users/yamil.rivera/Repos/wasm_demo/src/externals/boost_1_68_0/libs/context/src/asm/jump_x86_64_sysv_macho_gas.S */; };
/* End PBXBuildFile section */

/* Begin PBXBuildStyle section */
		348DC36BED8849BCA8917DB0 /* RelWithDebInfo */ = {
			isa = PBXBuildStyle;
			buildSettings = {
				COPY_PHASE_STRIP = NO;
			};
			name = RelWithDebInfo;
		};
		98ACDCA19A594797853DDB58 /* Debug */ = {
			isa = PBXBuildStyle;
			buildSettings = {
				COPY_PHASE_STRIP = NO;
			};
			name = Debug;
		};
		EFE43EF5C8324D7F9CA40062 /* MinSizeRel */ = {
			isa = PBXBuildStyle;
			buildSettings = {
				COPY_PHASE_STRIP = NO;
			};
			name = MinSizeRel;
		};
		F627A859BEE74A3BBF946500 /* Release */ = {
			isa = PBXBuildStyle;
			buildSettings = {
				COPY_PHASE_STRIP = NO;
			};
			name = Release;
		};
/* End PBXBuildStyle section */

/* Begin PBXContainerItemProxy section */
		404F13CF839C46288B307997 /* PBXContainerItemProxy */ = {
			isa = PBXContainerItemProxy;
			containerPortal = DA411C45314E40AF9F98FEB5 /* Project object */;
			proxyType = 1;
			remoteGlobalIDString = 22BE7A75A8224E6C8D740CBE;
			remoteInfo = boost;
		};
		AB66B2E5C9A54D80AAE5869E /* PBXContainerItemProxy */ = {
			isa = PBXContainerItemProxy;
			containerPortal = DA411C45314E40AF9F98FEB5 /* Project object */;
			proxyType = 1;
			remoteGlobalIDString = 9D80973B0C42494396FD7AA5;
			remoteInfo = vividas_drm_utils;
		};
		CC2870CED0714293BA17763B /* PBXContainerItemProxy */ = {
			isa = PBXContainerItemProxy;
			containerPortal = DA411C45314E40AF9F98FEB5 /* Project object */;
			proxyType = 1;
			remoteGlobalIDString = D51530FBC2894A889D30182C;
			remoteInfo = ZERO_CHECK;
		};
		D0EDCB7C7E3843FEB0BFE7D5 /* PBXContainerItemProxy */ = {
			isa = PBXContainerItemProxy;
			containerPortal = DA411C45314E40AF9F98FEB5 /* Project object */;
			proxyType = 1;
			remoteGlobalIDString = 22BE7A75A8224E6C8D740CBE;
			remoteInfo = boost;
		};
/* End PBXContainerItemProxy section */

/* Begin PBXFileReference section */
		040B18B9A7F140C084A5145D /* /Users/yamil.rivera/Repos/wasm_demo/src/externals/boost_1_68_0/libs/regex/src/usinstances.cpp */ = {isa = PBXFileReference; explicitFileType = sourcecode.cpp.cpp; fileEncoding = 4; name = usinstances.cpp; path = src/externals/boost_1_68_0/libs/regex/src/usinstances.cpp; sourceTree = SOURCE_ROOT; };
		0493AFB4007B46F98052E40B /* /Users/yamil.rivera/Repos/wasm_demo/src/externals/boost_1_68_0/libs/program_options/src/value_semantic.cpp */ = {isa = PBXFileReference; explicitFileType = sourcecode.cpp.cpp; fileEncoding = 4; name = value_semantic.cpp; path = src/externals/boost_1_68_0/libs/program_options/src/value_semantic.cpp; sourceTree = SOURCE_ROOT; };
		078789B8F04E4D81AE49FA09 /* /Users/yamil.rivera/Repos/wasm_demo/src/externals/boost_1_68_0/libs/chrono/src/chrono.cpp */ = {isa = PBXFileReference; explicitFileType = sourcecode.cpp.cpp; fileEncoding = 4; name = chrono.cpp; path = src/externals/boost_1_68_0/libs/chrono/src/chrono.cpp; sourceTree = SOURCE_ROOT; };
		1939B6D822FC4A8DA0D96547 /* /Users/yamil.rivera/Repos/wasm_demo/src/externals/boost_1_68_0/libs/fiber/src/fiber.cpp */ = {isa = PBXFileReference; explicitFileType = sourcecode.cpp.cpp; fileEncoding = 4; name = fiber.cpp; path = src/externals/boost_1_68_0/libs/fiber/src/fiber.cpp; sourceTree = SOURCE_ROOT; };
		22006E9B8A2E4399BED6BFDB /* /Users/yamil.rivera/Repos/wasm_demo/src/externals/boost_1_68_0/libs/fiber/src/algo/round_robin.cpp */ = {isa = PBXFileReference; explicitFileType = sourcecode.cpp.cpp; fileEncoding = 4; name = round_robin.cpp; path = src/externals/boost_1_68_0/libs/fiber/src/algo/round_robin.cpp; sourceTree = SOURCE_ROOT; };
		29322B0C975B4493AA20CC58 /* /Users/yamil.rivera/Repos/wasm_demo/src/externals/boost_1_68_0/libs/fiber/src/scheduler.cpp */ = {isa = PBXFileReference; explicitFileType = sourcecode.cpp.cpp; fileEncoding = 4; name = scheduler.cpp; path = src/externals/boost_1_68_0/libs/fiber/src/scheduler.cpp; sourceTree = SOURCE_ROOT; };
		2C51D59608E64C40BEC064F3 /* /Users/yamil.rivera/Repos/wasm_demo/src/externals/boost_1_68_0/libs/program_options/src/options_description.cpp */ = {isa = PBXFileReference; explicitFileType = sourcecode.cpp.cpp; fileEncoding = 4; name = options_description.cpp; path = src/externals/boost_1_68_0/libs/program_options/src/options_description.cpp; sourceTree = SOURCE_ROOT; };
		31732D3D02C140BBB127B43A /* /Users/yamil.rivera/Repos/wasm_demo/src/externals/boost_1_68_0/libs/filesystem/src/path.cpp */ = {isa = PBXFileReference; explicitFileType = sourcecode.cpp.cpp; fileEncoding = 4; name = path.cpp; path = src/externals/boost_1_68_0/libs/filesystem/src/path.cpp; sourceTree = SOURCE_ROOT; };
		37143863DE1F4320A23BE6F2 /* /Users/yamil.rivera/Repos/wasm_demo/src/externals/boost_1_68_0/libs/regex/src/c_regex_traits.cpp */ = {isa = PBXFileReference; explicitFileType = sourcecode.cpp.cpp; fileEncoding = 4; name = c_regex_traits.cpp; path = src/externals/boost_1_68_0/libs/regex/src/c_regex_traits.cpp; sourceTree = SOURCE_ROOT; };
		3BDDFA06F1B44C3BBCFADEC7 /* /Users/yamil.rivera/Repos/wasm_demo/src/externals/boost_1_68_0/libs/regex/src/icu.cpp */ = {isa = PBXFileReference; explicitFileType = sourcecode.cpp.cpp; fileEncoding = 4; name = icu.cpp; path = src/externals/boost_1_68_0/libs/regex/src/icu.cpp; sourceTree = SOURCE_ROOT; };
		42064708A2EC410892231716 /* /Users/yamil.rivera/Repos/wasm_demo/src/externals/boost_1_68_0/libs/fiber/src/recursive_mutex.cpp */ = {isa = PBXFileReference; explicitFileType = sourcecode.cpp.cpp; fileEncoding = 4; name = recursive_mutex.cpp; path = src/externals/boost_1_68_0/libs/fiber/src/recursive_mutex.cpp; sourceTree = SOURCE_ROOT; };
		479837C1C9DE4320AD29F780 /* /Users/yamil.rivera/Repos/wasm_demo/src/externals/boost_1_68_0/libs/context/src/posix/stack_traits.cpp */ = {isa = PBXFileReference; explicitFileType = sourcecode.cpp.cpp; fileEncoding = 4; name = stack_traits.cpp; path = src/externals/boost_1_68_0/libs/context/src/posix/stack_traits.cpp; sourceTree = SOURCE_ROOT; };
		4AB8EFD72885498BA81AC869 /* /Users/yamil.rivera/Repos/wasm_demo/src/externals/boost_1_68_0/libs/fiber/src/mutex.cpp */ = {isa = PBXFileReference; explicitFileType = sourcecode.cpp.cpp; fileEncoding = 4; name = mutex.cpp; path = src/externals/boost_1_68_0/libs/fiber/src/mutex.cpp; sourceTree = SOURCE_ROOT; };
		5246261667804AECB9BF21BE /* /Users/yamil.rivera/Repos/wasm_demo/src/externals/boost_1_68_0/libs/regex/src/instances.cpp */ = {isa = PBXFileReference; explicitFileType = sourcecode.cpp.cpp; fileEncoding = 4; name = instances.cpp; path = src/externals/boost_1_68_0/libs/regex/src/instances.cpp; sourceTree = SOURCE_ROOT; };
		5377695171334C518CBE7071 /* /Users/yamil.rivera/Repos/wasm_demo/src/externals/boost_1_68_0/libs/program_options/src/variables_map.cpp */ = {isa = PBXFileReference; explicitFileType = sourcecode.cpp.cpp; fileEncoding = 4; name = variables_map.cpp; path = src/externals/boost_1_68_0/libs/program_options/src/variables_map.cpp; sourceTree = SOURCE_ROOT; };
		53CDA8FD8596429484A4B2A4 /* /Users/yamil.rivera/Repos/wasm_demo/src/externals/boost_1_68_0/libs/date_time/src/gregorian/greg_month.cpp */ = {isa = PBXFileReference; explicitFileType = sourcecode.cpp.cpp; fileEncoding = 4; name = greg_month.cpp; path = src/externals/boost_1_68_0/libs/date_time/src/gregorian/greg_month.cpp; sourceTree = SOURCE_ROOT; };
		5587E618C04344C9AD0F2B30 /* /Users/yamil.rivera/Repos/wasm_demo/src/externals/boost_1_68_0/libs/date_time/src/gregorian/greg_weekday.cpp */ = {isa = PBXFileReference; explicitFileType = sourcecode.cpp.cpp; fileEncoding = 4; name = greg_weekday.cpp; path = src/externals/boost_1_68_0/libs/date_time/src/gregorian/greg_weekday.cpp; sourceTree = SOURCE_ROOT; };
		561823BFE22C4FD7BB5A91CB /* /Users/yamil.rivera/Repos/wasm_demo/src/externals/boost_1_68_0/CMakeLists.txt */ = {isa = PBXFileReference; explicitFileType = sourcecode.text; fileEncoding = 4; name = CMakeLists.txt; path = src/externals/boost_1_68_0/CMakeLists.txt; sourceTree = SOURCE_ROOT; };
		568CEBDAF8CC4EA9A45974EA /* /Users/yamil.rivera/Repos/wasm_demo/src/externals/boost_1_68_0/libs/regex/src/posix_api.cpp */ = {isa = PBXFileReference; explicitFileType = sourcecode.cpp.cpp; fileEncoding = 4; name = posix_api.cpp; path = src/externals/boost_1_68_0/libs/regex/src/posix_api.cpp; sourceTree = SOURCE_ROOT; };
		62992E56596542DCA4CC6555 /* /Users/yamil.rivera/Repos/wasm_demo/src/externals/boost_1_68_0/libs/program_options/src/positional_options.cpp */ = {isa = PBXFileReference; explicitFileType = sourcecode.cpp.cpp; fileEncoding = 4; name = positional_options.cpp; path = src/externals/boost_1_68_0/libs/program_options/src/positional_options.cpp; sourceTree = SOURCE_ROOT; };
		692E78EA8D5F4C25902CB68C /* /Users/yamil.rivera/Repos/wasm_demo/src/externals/boost_1_68_0/libs/fiber/src/condition_variable.cpp */ = {isa = PBXFileReference; explicitFileType = sourcecode.cpp.cpp; fileEncoding = 4; name = condition_variable.cpp; path = src/externals/boost_1_68_0/libs/fiber/src/condition_variable.cpp; sourceTree = SOURCE_ROOT; };
		698BB8B74054491BA85DC34D /* /Users/yamil.rivera/Repos/wasm_demo/src/externals/boost_1_68_0/libs/fiber/src/context.cpp */ = {isa = PBXFileReference; explicitFileType = sourcecode.cpp.cpp; fileEncoding = 4; name = context.cpp; path = src/externals/boost_1_68_0/libs/fiber/src/context.cpp; sourceTree = SOURCE_ROOT; };
		7316C4346DC54657BC9E7302 /* /Users/yamil.rivera/Repos/wasm_demo/src/externals/boost_1_68_0/libs/program_options/src/utf8_codecvt_facet.cpp */ = {isa = PBXFileReference; explicitFileType = sourcecode.cpp.cpp; fileEncoding = 4; name = utf8_codecvt_facet.cpp; path = src/externals/boost_1_68_0/libs/program_options/src/utf8_codecvt_facet.cpp; sourceTree = SOURCE_ROOT; };
		78940FEEEC054FB0813A0E8C /* /Users/yamil.rivera/Repos/wasm_demo/src/externals/boost_1_68_0/libs/regex/src/w32_regex_traits.cpp */ = {isa = PBXFileReference; explicitFileType = sourcecode.cpp.cpp; fileEncoding = 4; name = w32_regex_traits.cpp; path = src/externals/boost_1_68_0/libs/regex/src/w32_regex_traits.cpp; sourceTree = SOURCE_ROOT; };
		78C9A3C162E24A5FA519142B /* /Users/yamil.rivera/Repos/wasm_demo/src/libs/drm_utils/CMakeLists.txt */ = {isa = PBXFileReference; explicitFileType = sourcecode.text; fileEncoding = 4; name = CMakeLists.txt; path = src/libs/drm_utils/CMakeLists.txt; sourceTree = SOURCE_ROOT; };
		7FB9569D48224AC39222D8D2 /* /Users/yamil.rivera/Repos/wasm_demo/src/libs/drm_utils/src/crypto_utils.cpp */ = {isa = PBXFileReference; explicitFileType = sourcecode.cpp.cpp; fileEncoding = 4; name = crypto_utils.cpp; path = src/libs/drm_utils/src/crypto_utils.cpp; sourceTree = SOURCE_ROOT; };
		807F544BF0CC4EB28EFF71CF /* vividas_drm_utils */ = {isa = PBXFileReference; explicitFileType = archive.ar; path = libvividas_drm_utils.a; sourceTree = BUILT_PRODUCTS_DIR; };
		8417BA10171D42C08EE382DC /* /Users/yamil.rivera/Repos/wasm_demo/src/externals/boost_1_68_0/libs/filesystem/src/unique_path.cpp */ = {isa = PBXFileReference; explicitFileType = sourcecode.cpp.cpp; fileEncoding = 4; name = unique_path.cpp; path = src/externals/boost_1_68_0/libs/filesystem/src/unique_path.cpp; sourceTree = SOURCE_ROOT; };
		86C83F9387264E9F87C38ACE /* /Users/yamil.rivera/Repos/wasm_demo/src/externals/boost_1_68_0/libs/filesystem/src/windows_file_codecvt.cpp */ = {isa = PBXFileReference; explicitFileType = sourcecode.cpp.cpp; fileEncoding = 4; name = windows_file_codecvt.cpp; path = src/externals/boost_1_68_0/libs/filesystem/src/windows_file_codecvt.cpp; sourceTree = SOURCE_ROOT; };
		8759EC58ABB84CC68912D7B5 /* /Users/yamil.rivera/Repos/wasm_demo/src/externals/boost_1_68_0/libs/fiber/src/algo/shared_work.cpp */ = {isa = PBXFileReference; explicitFileType = sourcecode.cpp.cpp; fileEncoding = 4; name = shared_work.cpp; path = src/externals/boost_1_68_0/libs/fiber/src/algo/shared_work.cpp; sourceTree = SOURCE_ROOT; };
		89EA4FBCC1164BA2A78EB197 /* /Users/yamil.rivera/Repos/wasm_demo/src/externals/boost_1_68_0/libs/context/src/asm/jump_x86_64_sysv_macho_gas.S */ = {isa = PBXFileReference; explicitFileType = sourcecode.asm; fileEncoding = 4; name = jump_x86_64_sysv_macho_gas.S; path = src/externals/boost_1_68_0/libs/context/src/asm/jump_x86_64_sysv_macho_gas.S; sourceTree = SOURCE_ROOT; };
		8D82F97EB67B41DC98C35ABA /* /Users/yamil.rivera/Repos/wasm_demo/src/externals/boost_1_68_0/libs/regex/src/wc_regex_traits.cpp */ = {isa = PBXFileReference; explicitFileType = sourcecode.cpp.cpp; fileEncoding = 4; name = wc_regex_traits.cpp; path = src/externals/boost_1_68_0/libs/regex/src/wc_regex_traits.cpp; sourceTree = SOURCE_ROOT; };
		8F9CF51295B64C9FB88936D0 /* /Users/yamil.rivera/Repos/wasm_demo/src/externals/boost_1_68_0/libs/filesystem/src/portability.cpp */ = {isa = PBXFileReference; explicitFileType = sourcecode.cpp.cpp; fileEncoding = 4; name = portability.cpp; path = src/externals/boost_1_68_0/libs/filesystem/src/portability.cpp; sourceTree = SOURCE_ROOT; };
		93E0232D0EC54BD0AA435E62 /* /Users/yamil.rivera/Repos/wasm_demo/src/externals/boost_1_68_0/libs/regex/src/regex_raw_buffer.cpp */ = {isa = PBXFileReference; explicitFileType = sourcecode.cpp.cpp; fileEncoding = 4; name = regex_raw_buffer.cpp; path = src/externals/boost_1_68_0/libs/regex/src/regex_raw_buffer.cpp; sourceTree = SOURCE_ROOT; };
		94270DE2A9AA445987FCA429 /* /Users/yamil.rivera/Repos/wasm_demo/src/externals/boost_1_68_0/libs/program_options/src/winmain.cpp */ = {isa = PBXFileReference; explicitFileType = sourcecode.cpp.cpp; fileEncoding = 4; name = winmain.cpp; path = src/externals/boost_1_68_0/libs/program_options/src/winmain.cpp; sourceTree = SOURCE_ROOT; };
		94BA6E87801D4C5EA20C09EB /* /Users/yamil.rivera/Repos/wasm_demo/src/externals/boost_1_68_0/libs/regex/src/regex.cpp */ = {isa = PBXFileReference; explicitFileType = sourcecode.cpp.cpp; fileEncoding = 4; name = regex.cpp; path = src/externals/boost_1_68_0/libs/regex/src/regex.cpp; sourceTree = SOURCE_ROOT; };
		959971C8C62F48BEA4A77E92 /* /Users/yamil.rivera/Repos/wasm_demo/src/externals/boost_1_68_0/libs/program_options/src/parsers.cpp */ = {isa = PBXFileReference; explicitFileType = sourcecode.cpp.cpp; fileEncoding = 4; name = parsers.cpp; path = src/externals/boost_1_68_0/libs/program_options/src/parsers.cpp; sourceTree = SOURCE_ROOT; };
		978363CDF9B246CC989DA0BB /* /Users/yamil.rivera/Repos/wasm_demo/src/externals/boost_1_68_0/libs/fiber/src/recursive_timed_mutex.cpp */ = {isa = PBXFileReference; explicitFileType = sourcecode.cpp.cpp; fileEncoding = 4; name = recursive_timed_mutex.cpp; path = src/externals/boost_1_68_0/libs/fiber/src/recursive_timed_mutex.cpp; sourceTree = SOURCE_ROOT; };
		97887F3FB1EF4B6094E983D9 /* /Users/yamil.rivera/Repos/wasm_demo/src/libs/drm_utils/include/drm_utils.h */ = {isa = PBXFileReference; explicitFileType = sourcecode.c.h; fileEncoding = 4; name = drm_utils.h; path = src/libs/drm_utils/include/drm_utils.h; sourceTree = SOURCE_ROOT; };
		9B42AC3521C141908E263415 /* /Users/yamil.rivera/Repos/wasm_demo/src/externals/boost_1_68_0/libs/chrono/src/thread_clock.cpp */ = {isa = PBXFileReference; explicitFileType = sourcecode.cpp.cpp; fileEncoding = 4; name = thread_clock.cpp; path = src/externals/boost_1_68_0/libs/chrono/src/thread_clock.cpp; sourceTree = SOURCE_ROOT; };
		9BBE5A7497ED4A7187537A48 /* /Users/yamil.rivera/Repos/wasm_demo/src/externals/boost_1_68_0/libs/fiber/src/algo/work_stealing.cpp */ = {isa = PBXFileReference; explicitFileType = sourcecode.cpp.cpp; fileEncoding = 4; name = work_stealing.cpp; path = src/externals/boost_1_68_0/libs/fiber/src/algo/work_stealing.cpp; sourceTree = SOURCE_ROOT; };
		9D49E7A4C89C4F228C4ECF91 /* /Users/yamil.rivera/Repos/wasm_demo/src/externals/boost_1_68_0/libs/fiber/src/properties.cpp */ = {isa = PBXFileReference; explicitFileType = sourcecode.cpp.cpp; fileEncoding = 4; name = properties.cpp; path = src/externals/boost_1_68_0/libs/fiber/src/properties.cpp; sourceTree = SOURCE_ROOT; };
		9DF9A5B03A2B4AF6B329BC35 /* /Users/yamil.rivera/Repos/wasm_demo/src/externals/boost_1_68_0/libs/fiber/src/future.cpp */ = {isa = PBXFileReference; explicitFileType = sourcecode.cpp.cpp; fileEncoding = 4; name = future.cpp; path = src/externals/boost_1_68_0/libs/fiber/src/future.cpp; sourceTree = SOURCE_ROOT; };
		A27A63B2F3164A7D842200D4 /* /Users/yamil.rivera/Repos/wasm_demo/src/externals/boost_1_68_0/libs/regex/src/regex_debug.cpp */ = {isa = PBXFileReference; explicitFileType = sourcecode.cpp.cpp; fileEncoding = 4; name = regex_debug.cpp; path = src/externals/boost_1_68_0/libs/regex/src/regex_debug.cpp; sourceTree = SOURCE_ROOT; };
		A7BD0E1BC82846F4A849EE6D /* /Users/yamil.rivera/Repos/wasm_demo/src/externals/boost_1_68_0/libs/chrono/src/process_cpu_clocks.cpp */ = {isa = PBXFileReference; explicitFileType = sourcecode.cpp.cpp; fileEncoding = 4; name = process_cpu_clocks.cpp; path = src/externals/boost_1_68_0/libs/chrono/src/process_cpu_clocks.cpp; sourceTree = SOURCE_ROOT; };
		AC44AC3F169840739776894D /* /Users/yamil.rivera/Repos/wasm_demo/src/externals/boost_1_68_0/libs/context/src/asm/make_x86_64_sysv_macho_gas.S */ = {isa = PBXFileReference; explicitFileType = sourcecode.asm; fileEncoding = 4; name = make_x86_64_sysv_macho_gas.S; path = src/externals/boost_1_68_0/libs/context/src/asm/make_x86_64_sysv_macho_gas.S; sourceTree = SOURCE_ROOT; };
		AEBB798DEBC44CA89CC22EF7 /* /Users/yamil.rivera/Repos/wasm_demo/src/externals/boost_1_68_0/libs/regex/src/wide_posix_api.cpp */ = {isa = PBXFileReference; explicitFileType = sourcecode.cpp.cpp; fileEncoding = 4; name = wide_posix_api.cpp; path = src/externals/boost_1_68_0/libs/regex/src/wide_posix_api.cpp; sourceTree = SOURCE_ROOT; };
		B18FA39DF1CF442CA9E21B69 /* /Users/yamil.rivera/Repos/wasm_demo/src/externals/boost_1_68_0/libs/system/src/error_code.cpp */ = {isa = PBXFileReference; explicitFileType = sourcecode.cpp.cpp; fileEncoding = 4; name = error_code.cpp; path = src/externals/boost_1_68_0/libs/system/src/error_code.cpp; sourceTree = SOURCE_ROOT; };
		BA6107C22DE3474B8758F48F /* /Users/yamil.rivera/Repos/wasm_demo/src/externals/boost_1_68_0/libs/fiber/src/algo/algorithm.cpp */ = {isa = PBXFileReference; explicitFileType = sourcecode.cpp.cpp; fileEncoding = 4; name = algorithm.cpp; path = src/externals/boost_1_68_0/libs/fiber/src/algo/algorithm.cpp; sourceTree = SOURCE_ROOT; };
		BAF0580648D2429385A90A4D /* /Users/yamil.rivera/Repos/wasm_demo/src/externals/boost_1_68_0/libs/filesystem/src/codecvt_error_category.cpp */ = {isa = PBXFileReference; explicitFileType = sourcecode.cpp.cpp; fileEncoding = 4; name = codecvt_error_category.cpp; path = src/externals/boost_1_68_0/libs/filesystem/src/codecvt_error_category.cpp; sourceTree = SOURCE_ROOT; };
		BB67126C871F455592BD52F5 /* /Users/yamil.rivera/Repos/wasm_demo/src/externals/boost_1_68_0/libs/program_options/src/split.cpp */ = {isa = PBXFileReference; explicitFileType = sourcecode.cpp.cpp; fileEncoding = 4; name = split.cpp; path = src/externals/boost_1_68_0/libs/program_options/src/split.cpp; sourceTree = SOURCE_ROOT; };
		BC7C7E01D5BE409FAB0B942E /* /Users/yamil.rivera/Repos/wasm_demo/src/externals/boost_1_68_0/libs/program_options/src/cmdline.cpp */ = {isa = PBXFileReference; explicitFileType = sourcecode.cpp.cpp; fileEncoding = 4; name = cmdline.cpp; path = src/externals/boost_1_68_0/libs/program_options/src/cmdline.cpp; sourceTree = SOURCE_ROOT; };
		BE3BF330EA10481BA4F16C89 /* /Users/yamil.rivera/Repos/wasm_demo/src/externals/boost_1_68_0/libs/program_options/src/convert.cpp */ = {isa = PBXFileReference; explicitFileType = sourcecode.cpp.cpp; fileEncoding = 4; name = convert.cpp; path = src/externals/boost_1_68_0/libs/program_options/src/convert.cpp; sourceTree = SOURCE_ROOT; };
		C22504046DF942A982BD0EB0 /* /Users/yamil.rivera/Repos/wasm_demo/src/externals/boost_1_68_0/libs/context/src/execution_context.cpp */ = {isa = PBXFileReference; explicitFileType = sourcecode.cpp.cpp; fileEncoding = 4; name = execution_context.cpp; path = src/externals/boost_1_68_0/libs/context/src/execution_context.cpp; sourceTree = SOURCE_ROOT; };
		CB6688CB12264E50A805FB25 /* /Users/yamil.rivera/Repos/wasm_demo/src/externals/boost_1_68_0/libs/regex/src/cregex.cpp */ = {isa = PBXFileReference; explicitFileType = sourcecode.cpp.cpp; fileEncoding = 4; name = cregex.cpp; path = src/externals/boost_1_68_0/libs/regex/src/cregex.cpp; sourceTree = SOURCE_ROOT; };
		CC9378018C25438388C67DA4 /* /Users/yamil.rivera/Repos/wasm_demo/src/externals/boost_1_68_0/libs/regex/src/regex_traits_defaults.cpp */ = {isa = PBXFileReference; explicitFileType = sourcecode.cpp.cpp; fileEncoding = 4; name = regex_traits_defaults.cpp; path = src/externals/boost_1_68_0/libs/regex/src/regex_traits_defaults.cpp; sourceTree = SOURCE_ROOT; };
		CCC364E893644C4A8869A3A0 /* /Users/yamil.rivera/Repos/wasm_demo/src/externals/boost_1_68_0/libs/filesystem/src/utf8_codecvt_facet.cpp */ = {isa = PBXFileReference; explicitFileType = sourcecode.cpp.cpp; fileEncoding = 4; name = utf8_codecvt_facet.cpp; path = src/externals/boost_1_68_0/libs/filesystem/src/utf8_codecvt_facet.cpp; sourceTree = SOURCE_ROOT; };
		CDFF3304C55442CBBB5296DE /* /Users/yamil.rivera/Repos/wasm_demo/src/externals/boost_1_68_0/libs/context/src/asm/ontop_x86_64_sysv_macho_gas.S */ = {isa = PBXFileReference; explicitFileType = sourcecode.asm; fileEncoding = 4; name = ontop_x86_64_sysv_macho_gas.S; path = src/externals/boost_1_68_0/libs/context/src/asm/ontop_x86_64_sysv_macho_gas.S; sourceTree = SOURCE_ROOT; };
		D0EFCC2933B94CF682194F57 /* /Users/yamil.rivera/Repos/wasm_demo/src/externals/boost_1_68_0/libs/fiber/src/barrier.cpp */ = {isa = PBXFileReference; explicitFileType = sourcecode.cpp.cpp; fileEncoding = 4; name = barrier.cpp; path = src/externals/boost_1_68_0/libs/fiber/src/barrier.cpp; sourceTree = SOURCE_ROOT; };
		D2D552943BB34E969B8FF7CD /* /Users/yamil.rivera/Repos/wasm_demo/src/externals/boost_1_68_0/libs/date_time/src/gregorian/date_generators.cpp */ = {isa = PBXFileReference; explicitFileType = sourcecode.cpp.cpp; fileEncoding = 4; name = date_generators.cpp; path = src/externals/boost_1_68_0/libs/date_time/src/gregorian/date_generators.cpp; sourceTree = SOURCE_ROOT; };
		D3CBA3A5DAAE4741865455AB /* /Users/yamil.rivera/Repos/wasm_demo/src/externals/boost_1_68_0/libs/fiber/src/timed_mutex.cpp */ = {isa = PBXFileReference; explicitFileType = sourcecode.cpp.cpp; fileEncoding = 4; name = timed_mutex.cpp; path = src/externals/boost_1_68_0/libs/fiber/src/timed_mutex.cpp; sourceTree = SOURCE_ROOT; };
		D7BC02BE7055434FA14BF0C5 /* /Users/yamil.rivera/Repos/wasm_demo/src/externals/boost_1_68_0/libs/regex/src/static_mutex.cpp */ = {isa = PBXFileReference; explicitFileType = sourcecode.cpp.cpp; fileEncoding = 4; name = static_mutex.cpp; path = src/externals/boost_1_68_0/libs/regex/src/static_mutex.cpp; sourceTree = SOURCE_ROOT; };
		DCE7BDFF24824150A73FC599 /* /Users/yamil.rivera/Repos/wasm_demo/src/externals/boost_1_68_0/libs/regex/src/cpp_regex_traits.cpp */ = {isa = PBXFileReference; explicitFileType = sourcecode.cpp.cpp; fileEncoding = 4; name = cpp_regex_traits.cpp; path = src/externals/boost_1_68_0/libs/regex/src/cpp_regex_traits.cpp; sourceTree = SOURCE_ROOT; };
		DD2CAAFB6CDA418D899BA218 /* /Users/yamil.rivera/Repos/wasm_demo/src/externals/boost_1_68_0/libs/filesystem/src/path_traits.cpp */ = {isa = PBXFileReference; explicitFileType = sourcecode.cpp.cpp; fileEncoding = 4; name = path_traits.cpp; path = src/externals/boost_1_68_0/libs/filesystem/src/path_traits.cpp; sourceTree = SOURCE_ROOT; };
		E2EFB94660CF4882A26E1D86 /* /Users/yamil.rivera/Repos/wasm_demo/src/externals/boost_1_68_0/libs/date_time/src/gregorian/gregorian_types.cpp */ = {isa = PBXFileReference; explicitFileType = sourcecode.cpp.cpp; fileEncoding = 4; name = gregorian_types.cpp; path = src/externals/boost_1_68_0/libs/date_time/src/gregorian/gregorian_types.cpp; sourceTree = SOURCE_ROOT; };
		E8EEBC4DAE92458798B13649 /* /Users/yamil.rivera/Repos/wasm_demo/src/externals/boost_1_68_0/libs/program_options/src/config_file.cpp */ = {isa = PBXFileReference; explicitFileType = sourcecode.cpp.cpp; fileEncoding = 4; name = config_file.cpp; path = src/externals/boost_1_68_0/libs/program_options/src/config_file.cpp; sourceTree = SOURCE_ROOT; };
		ECF5A001841F483B99C47BA1 /* /Users/yamil.rivera/Repos/wasm_demo/src/externals/boost_1_68_0/libs/filesystem/src/operations.cpp */ = {isa = PBXFileReference; explicitFileType = sourcecode.cpp.cpp; fileEncoding = 4; name = operations.cpp; path = src/externals/boost_1_68_0/libs/filesystem/src/operations.cpp; sourceTree = SOURCE_ROOT; };
		EE6341BF4FAD402889896A39 /* /Users/yamil.rivera/Repos/wasm_demo/CMakeLists.txt */ = {isa = PBXFileReference; explicitFileType = sourcecode.text; fileEncoding = 4; name = CMakeLists.txt; path = CMakeLists.txt; sourceTree = SOURCE_ROOT; };
		F44BBC882DA94E0989DB58BE /* /Users/yamil.rivera/Repos/wasm_demo/src/externals/boost_1_68_0/libs/regex/src/fileiter.cpp */ = {isa = PBXFileReference; explicitFileType = sourcecode.cpp.cpp; fileEncoding = 4; name = fileiter.cpp; path = src/externals/boost_1_68_0/libs/regex/src/fileiter.cpp; sourceTree = SOURCE_ROOT; };
		F593CC3FA8544E3DA9D33152 /* /Users/yamil.rivera/Repos/wasm_demo/src/externals/boost_1_68_0/libs/regex/src/winstances.cpp */ = {isa = PBXFileReference; explicitFileType = sourcecode.cpp.cpp; fileEncoding = 4; name = winstances.cpp; path = src/externals/boost_1_68_0/libs/regex/src/winstances.cpp; sourceTree = SOURCE_ROOT; };
		F9831EFAE8264975B6433E24 /* boost */ = {isa = PBXFileReference; explicitFileType = archive.ar; path = libboost.a; sourceTree = BUILT_PRODUCTS_DIR; };
/* End PBXFileReference section */

/* Begin PBXGroup section */
		054DEDA4D1A2414AA404E6E7 /* vividas_drm_utils */ = {
			isa = PBXGroup;
			children = (
				83BCB5C891244BC9AC326C81 /* Header Files */,
				358EE184A74645C0AD45B2EF /* Source Files */,
				78C9A3C162E24A5FA519142B /* /Users/yamil.rivera/Repos/wasm_demo/src/libs/drm_utils/CMakeLists.txt */,
			);
			name = vividas_drm_utils;
			sourceTree = "<group>";
		};
		14972045ADB84F6CA684B515 /* Source Files */ = {
			isa = PBXGroup;
			children = (
				078789B8F04E4D81AE49FA09 /* /Users/yamil.rivera/Repos/wasm_demo/src/externals/boost_1_68_0/libs/chrono/src/chrono.cpp */,
				A7BD0E1BC82846F4A849EE6D /* /Users/yamil.rivera/Repos/wasm_demo/src/externals/boost_1_68_0/libs/chrono/src/process_cpu_clocks.cpp */,
				9B42AC3521C141908E263415 /* /Users/yamil.rivera/Repos/wasm_demo/src/externals/boost_1_68_0/libs/chrono/src/thread_clock.cpp */,
				C22504046DF942A982BD0EB0 /* /Users/yamil.rivera/Repos/wasm_demo/src/externals/boost_1_68_0/libs/context/src/execution_context.cpp */,
				479837C1C9DE4320AD29F780 /* /Users/yamil.rivera/Repos/wasm_demo/src/externals/boost_1_68_0/libs/context/src/posix/stack_traits.cpp */,
				D2D552943BB34E969B8FF7CD /* /Users/yamil.rivera/Repos/wasm_demo/src/externals/boost_1_68_0/libs/date_time/src/gregorian/date_generators.cpp */,
				53CDA8FD8596429484A4B2A4 /* /Users/yamil.rivera/Repos/wasm_demo/src/externals/boost_1_68_0/libs/date_time/src/gregorian/greg_month.cpp */,
				5587E618C04344C9AD0F2B30 /* /Users/yamil.rivera/Repos/wasm_demo/src/externals/boost_1_68_0/libs/date_time/src/gregorian/greg_weekday.cpp */,
				E2EFB94660CF4882A26E1D86 /* /Users/yamil.rivera/Repos/wasm_demo/src/externals/boost_1_68_0/libs/date_time/src/gregorian/gregorian_types.cpp */,
				BA6107C22DE3474B8758F48F /* /Users/yamil.rivera/Repos/wasm_demo/src/externals/boost_1_68_0/libs/fiber/src/algo/algorithm.cpp */,
				22006E9B8A2E4399BED6BFDB /* /Users/yamil.rivera/Repos/wasm_demo/src/externals/boost_1_68_0/libs/fiber/src/algo/round_robin.cpp */,
				8759EC58ABB84CC68912D7B5 /* /Users/yamil.rivera/Repos/wasm_demo/src/externals/boost_1_68_0/libs/fiber/src/algo/shared_work.cpp */,
				9BBE5A7497ED4A7187537A48 /* /Users/yamil.rivera/Repos/wasm_demo/src/externals/boost_1_68_0/libs/fiber/src/algo/work_stealing.cpp */,
				D0EFCC2933B94CF682194F57 /* /Users/yamil.rivera/Repos/wasm_demo/src/externals/boost_1_68_0/libs/fiber/src/barrier.cpp */,
				692E78EA8D5F4C25902CB68C /* /Users/yamil.rivera/Repos/wasm_demo/src/externals/boost_1_68_0/libs/fiber/src/condition_variable.cpp */,
				698BB8B74054491BA85DC34D /* /Users/yamil.rivera/Repos/wasm_demo/src/externals/boost_1_68_0/libs/fiber/src/context.cpp */,
				1939B6D822FC4A8DA0D96547 /* /Users/yamil.rivera/Repos/wasm_demo/src/externals/boost_1_68_0/libs/fiber/src/fiber.cpp */,
				9DF9A5B03A2B4AF6B329BC35 /* /Users/yamil.rivera/Repos/wasm_demo/src/externals/boost_1_68_0/libs/fiber/src/future.cpp */,
				4AB8EFD72885498BA81AC869 /* /Users/yamil.rivera/Repos/wasm_demo/src/externals/boost_1_68_0/libs/fiber/src/mutex.cpp */,
				9D49E7A4C89C4F228C4ECF91 /* /Users/yamil.rivera/Repos/wasm_demo/src/externals/boost_1_68_0/libs/fiber/src/properties.cpp */,
				42064708A2EC410892231716 /* /Users/yamil.rivera/Repos/wasm_demo/src/externals/boost_1_68_0/libs/fiber/src/recursive_mutex.cpp */,
				978363CDF9B246CC989DA0BB /* /Users/yamil.rivera/Repos/wasm_demo/src/externals/boost_1_68_0/libs/fiber/src/recursive_timed_mutex.cpp */,
				29322B0C975B4493AA20CC58 /* /Users/yamil.rivera/Repos/wasm_demo/src/externals/boost_1_68_0/libs/fiber/src/scheduler.cpp */,
				D3CBA3A5DAAE4741865455AB /* /Users/yamil.rivera/Repos/wasm_demo/src/externals/boost_1_68_0/libs/fiber/src/timed_mutex.cpp */,
				BAF0580648D2429385A90A4D /* /Users/yamil.rivera/Repos/wasm_demo/src/externals/boost_1_68_0/libs/filesystem/src/codecvt_error_category.cpp */,
				ECF5A001841F483B99C47BA1 /* /Users/yamil.rivera/Repos/wasm_demo/src/externals/boost_1_68_0/libs/filesystem/src/operations.cpp */,
				31732D3D02C140BBB127B43A /* /Users/yamil.rivera/Repos/wasm_demo/src/externals/boost_1_68_0/libs/filesystem/src/path.cpp */,
				DD2CAAFB6CDA418D899BA218 /* /Users/yamil.rivera/Repos/wasm_demo/src/externals/boost_1_68_0/libs/filesystem/src/path_traits.cpp */,
				8F9CF51295B64C9FB88936D0 /* /Users/yamil.rivera/Repos/wasm_demo/src/externals/boost_1_68_0/libs/filesystem/src/portability.cpp */,
				8417BA10171D42C08EE382DC /* /Users/yamil.rivera/Repos/wasm_demo/src/externals/boost_1_68_0/libs/filesystem/src/unique_path.cpp */,
				CCC364E893644C4A8869A3A0 /* /Users/yamil.rivera/Repos/wasm_demo/src/externals/boost_1_68_0/libs/filesystem/src/utf8_codecvt_facet.cpp */,
				86C83F9387264E9F87C38ACE /* /Users/yamil.rivera/Repos/wasm_demo/src/externals/boost_1_68_0/libs/filesystem/src/windows_file_codecvt.cpp */,
				BC7C7E01D5BE409FAB0B942E /* /Users/yamil.rivera/Repos/wasm_demo/src/externals/boost_1_68_0/libs/program_options/src/cmdline.cpp */,
				E8EEBC4DAE92458798B13649 /* /Users/yamil.rivera/Repos/wasm_demo/src/externals/boost_1_68_0/libs/program_options/src/config_file.cpp */,
				BE3BF330EA10481BA4F16C89 /* /Users/yamil.rivera/Repos/wasm_demo/src/externals/boost_1_68_0/libs/program_options/src/convert.cpp */,
				2C51D59608E64C40BEC064F3 /* /Users/yamil.rivera/Repos/wasm_demo/src/externals/boost_1_68_0/libs/program_options/src/options_description.cpp */,
				959971C8C62F48BEA4A77E92 /* /Users/yamil.rivera/Repos/wasm_demo/src/externals/boost_1_68_0/libs/program_options/src/parsers.cpp */,
				62992E56596542DCA4CC6555 /* /Users/yamil.rivera/Repos/wasm_demo/src/externals/boost_1_68_0/libs/program_options/src/positional_options.cpp */,
				BB67126C871F455592BD52F5 /* /Users/yamil.rivera/Repos/wasm_demo/src/externals/boost_1_68_0/libs/program_options/src/split.cpp */,
				7316C4346DC54657BC9E7302 /* /Users/yamil.rivera/Repos/wasm_demo/src/externals/boost_1_68_0/libs/program_options/src/utf8_codecvt_facet.cpp */,
				0493AFB4007B46F98052E40B /* /Users/yamil.rivera/Repos/wasm_demo/src/externals/boost_1_68_0/libs/program_options/src/value_semantic.cpp */,
				5377695171334C518CBE7071 /* /Users/yamil.rivera/Repos/wasm_demo/src/externals/boost_1_68_0/libs/program_options/src/variables_map.cpp */,
				94270DE2A9AA445987FCA429 /* /Users/yamil.rivera/Repos/wasm_demo/src/externals/boost_1_68_0/libs/program_options/src/winmain.cpp */,
				37143863DE1F4320A23BE6F2 /* /Users/yamil.rivera/Repos/wasm_demo/src/externals/boost_1_68_0/libs/regex/src/c_regex_traits.cpp */,
				DCE7BDFF24824150A73FC599 /* /Users/yamil.rivera/Repos/wasm_demo/src/externals/boost_1_68_0/libs/regex/src/cpp_regex_traits.cpp */,
				CB6688CB12264E50A805FB25 /* /Users/yamil.rivera/Repos/wasm_demo/src/externals/boost_1_68_0/libs/regex/src/cregex.cpp */,
				F44BBC882DA94E0989DB58BE /* /Users/yamil.rivera/Repos/wasm_demo/src/externals/boost_1_68_0/libs/regex/src/fileiter.cpp */,
				3BDDFA06F1B44C3BBCFADEC7 /* /Users/yamil.rivera/Repos/wasm_demo/src/externals/boost_1_68_0/libs/regex/src/icu.cpp */,
				5246261667804AECB9BF21BE /* /Users/yamil.rivera/Repos/wasm_demo/src/externals/boost_1_68_0/libs/regex/src/instances.cpp */,
				568CEBDAF8CC4EA9A45974EA /* /Users/yamil.rivera/Repos/wasm_demo/src/externals/boost_1_68_0/libs/regex/src/posix_api.cpp */,
				94BA6E87801D4C5EA20C09EB /* /Users/yamil.rivera/Repos/wasm_demo/src/externals/boost_1_68_0/libs/regex/src/regex.cpp */,
				A27A63B2F3164A7D842200D4 /* /Users/yamil.rivera/Repos/wasm_demo/src/externals/boost_1_68_0/libs/regex/src/regex_debug.cpp */,
				93E0232D0EC54BD0AA435E62 /* /Users/yamil.rivera/Repos/wasm_demo/src/externals/boost_1_68_0/libs/regex/src/regex_raw_buffer.cpp */,
				CC9378018C25438388C67DA4 /* /Users/yamil.rivera/Repos/wasm_demo/src/externals/boost_1_68_0/libs/regex/src/regex_traits_defaults.cpp */,
				D7BC02BE7055434FA14BF0C5 /* /Users/yamil.rivera/Repos/wasm_demo/src/externals/boost_1_68_0/libs/regex/src/static_mutex.cpp */,
				040B18B9A7F140C084A5145D /* /Users/yamil.rivera/Repos/wasm_demo/src/externals/boost_1_68_0/libs/regex/src/usinstances.cpp */,
				78940FEEEC054FB0813A0E8C /* /Users/yamil.rivera/Repos/wasm_demo/src/externals/boost_1_68_0/libs/regex/src/w32_regex_traits.cpp */,
				8D82F97EB67B41DC98C35ABA /* /Users/yamil.rivera/Repos/wasm_demo/src/externals/boost_1_68_0/libs/regex/src/wc_regex_traits.cpp */,
				AEBB798DEBC44CA89CC22EF7 /* /Users/yamil.rivera/Repos/wasm_demo/src/externals/boost_1_68_0/libs/regex/src/wide_posix_api.cpp */,
				F593CC3FA8544E3DA9D33152 /* /Users/yamil.rivera/Repos/wasm_demo/src/externals/boost_1_68_0/libs/regex/src/winstances.cpp */,
				B18FA39DF1CF442CA9E21B69 /* /Users/yamil.rivera/Repos/wasm_demo/src/externals/boost_1_68_0/libs/system/src/error_code.cpp */,
			);
			name = "Source Files";
			sourceTree = "<group>";
		};
		26F4969FCBF04D4391E56F21 /* boost */ = {
			isa = PBXGroup;
			children = (
				14972045ADB84F6CA684B515 /* Source Files */,
				561823BFE22C4FD7BB5A91CB /* /Users/yamil.rivera/Repos/wasm_demo/src/externals/boost_1_68_0/CMakeLists.txt */,
				89EA4FBCC1164BA2A78EB197 /* /Users/yamil.rivera/Repos/wasm_demo/src/externals/boost_1_68_0/libs/context/src/asm/jump_x86_64_sysv_macho_gas.S */,
				AC44AC3F169840739776894D /* /Users/yamil.rivera/Repos/wasm_demo/src/externals/boost_1_68_0/libs/context/src/asm/make_x86_64_sysv_macho_gas.S */,
				CDFF3304C55442CBBB5296DE /* /Users/yamil.rivera/Repos/wasm_demo/src/externals/boost_1_68_0/libs/context/src/asm/ontop_x86_64_sysv_macho_gas.S */,
			);
			name = boost;
			sourceTree = "<group>";
		};
		30D72E7AEBD9474FB5802A9D = {
			isa = PBXGroup;
			children = (
				AA502138490641A084839A9B /* ALL_BUILD */,
				26F4969FCBF04D4391E56F21 /* boost */,
				054DEDA4D1A2414AA404E6E7 /* vividas_drm_utils */,
				9E37CE84DEBD4CCD8214D153 /* Products */,
			);
			sourceTree = "<group>";
		};
		358EE184A74645C0AD45B2EF /* Source Files */ = {
			isa = PBXGroup;
			children = (
				7FB9569D48224AC39222D8D2 /* /Users/yamil.rivera/Repos/wasm_demo/src/libs/drm_utils/src/crypto_utils.cpp */,
			);
			name = "Source Files";
			sourceTree = "<group>";
		};
		83BCB5C891244BC9AC326C81 /* Header Files */ = {
			isa = PBXGroup;
			children = (
				97887F3FB1EF4B6094E983D9 /* /Users/yamil.rivera/Repos/wasm_demo/src/libs/drm_utils/include/drm_utils.h */,
			);
			name = "Header Files";
			sourceTree = "<group>";
		};
		9E37CE84DEBD4CCD8214D153 /* Products */ = {
			isa = PBXGroup;
			children = (
				F9831EFAE8264975B6433E24 /* boost */,
				807F544BF0CC4EB28EFF71CF /* vividas_drm_utils */,
			);
			name = Products;
			sourceTree = "<group>";
		};
		AA502138490641A084839A9B /* ALL_BUILD */ = {
			isa = PBXGroup;
			children = (
				C834873F04A5496995D0ECF5 /* CMake Rules */,
				EE6341BF4FAD402889896A39 /* /Users/yamil.rivera/Repos/wasm_demo/CMakeLists.txt */,
			);
			name = ALL_BUILD;
			sourceTree = "<group>";
		};
		C834873F04A5496995D0ECF5 /* CMake Rules */ = {
			isa = PBXGroup;
			children = (
			);
			name = "CMake Rules";
			sourceTree = "<group>";
		};
/* End PBXGroup section */

/* Begin PBXNativeTarget section */
		22BE7A75A8224E6C8D740CBE /* boost */ = {
			isa = PBXNativeTarget;
			buildConfigurationList = ED65C06DF45E4A8D8D1CB2A4 /* Build configuration list for PBXNativeTarget "boost" */;
			buildPhases = (
				41DE27B7A02A43409BC4ACF0 /* Sources */,
			);
			buildRules = (
			);
			dependencies = (
			);
			name = boost;
			productName = boost;
			productReference = F9831EFAE8264975B6433E24 /* boost */;
			productType = "com.apple.product-type.library.static";
		};
		9D80973B0C42494396FD7AA5 /* vividas_drm_utils */ = {
			isa = PBXNativeTarget;
			buildConfigurationList = D864DDACA6C4426B8E16879A /* Build configuration list for PBXNativeTarget "vividas_drm_utils" */;
			buildPhases = (
				6610E93A32D243D8B1B64DEF /* Sources */,
			);
			buildRules = (
			);
			dependencies = (
				8842C562794149308B6B9FB7 /* PBXTargetDependency */,
			);
			name = vividas_drm_utils;
			productName = vividas_drm_utils;
			productReference = 807F544BF0CC4EB28EFF71CF /* vividas_drm_utils */;
			productType = "com.apple.product-type.library.static";
		};
/* End PBXNativeTarget section */

/* Begin PBXProject section */
		DA411C45314E40AF9F98FEB5 /* Project object */ = {
			isa = PBXProject;
			attributes = {
				BuildIndependentTargetsInParallel = YES;
				LastUpgradeCheck = 1010;
			};
			buildConfigurationList = 14B96639796645259F17E573 /* Build configuration list for PBXProject "vividas_core" */;
			buildSettings = {
			};
			buildStyles = (
				98ACDCA19A594797853DDB58 /* Debug */,
				F627A859BEE74A3BBF946500 /* Release */,
				EFE43EF5C8324D7F9CA40062 /* MinSizeRel */,
				348DC36BED8849BCA8917DB0 /* RelWithDebInfo */,
			);
			compatibilityVersion = "Xcode 3.2";
			hasScannedForEncodings = 0;
			mainGroup = 30D72E7AEBD9474FB5802A9D;
			projectDirPath = ../;
			projectRoot = "";
			targets = (
				11DD86304FB640DBA44B9509 /* ALL_BUILD */,
				D51530FBC2894A889D30182C /* ZERO_CHECK */,
				22BE7A75A8224E6C8D740CBE /* boost */,
				9D80973B0C42494396FD7AA5 /* vividas_drm_utils */,
			);
		};
/* End PBXProject section */

/* Begin PBXShellScriptBuildPhase section */
		035F0B96467D444396074882 /* CMake Rules */ = {
			isa = PBXShellScriptBuildPhase;
			buildActionMask = 2147483647;
			files = (
			);
			name = "CMake Rules";
			runOnlyForDeploymentPostprocessing = 0;
			shellPath = /bin/sh;
			shellScript = "make -C /Users/yamil.rivera/Repos/wasm_demo/build-darwin -f /Users/yamil.rivera/Repos/wasm_demo/build-darwin/CMakeScripts/ALL_BUILD_cmakeRulesBuildPhase.make$CONFIGURATION OBJDIR=$(basename \"$OBJECT_FILE_DIR_normal\") all";
			showEnvVarsInLog = 0;
		};
		0C0318AE7B5A4C949DC79B44 = {
			isa = PBXShellScriptBuildPhase;
			buildActionMask = 2147483647;
			files = (
			);
			inputPaths = (
			);
			outputPaths = (
			);
			runOnlyForDeploymentPostprocessing = 0;
			shellPath = /bin/sh;
			shellScript = "# shell script goes here
exit 0";
			showEnvVarsInLog = 0;
		};
		DCC9932E351B4211A2A313A0 = {
			isa = PBXShellScriptBuildPhase;
			buildActionMask = 2147483647;
			files = (
			);
			inputPaths = (
			);
			outputPaths = (
			);
			runOnlyForDeploymentPostprocessing = 0;
			shellPath = /bin/sh;
			shellScript = "# shell script goes here
exit 0";
			showEnvVarsInLog = 0;
		};
		EE924A059F1045E5A65C8393 /* CMake Rules */ = {
			isa = PBXShellScriptBuildPhase;
			buildActionMask = 2147483647;
			files = (
			);
			name = "CMake Rules";
			runOnlyForDeploymentPostprocessing = 0;
			shellPath = /bin/sh;
			shellScript = "make -C /Users/yamil.rivera/Repos/wasm_demo/build-darwin -f /Users/yamil.rivera/Repos/wasm_demo/build-darwin/CMakeScripts/ZERO_CHECK_cmakeRulesBuildPhase.make$CONFIGURATION OBJDIR=$(basename \"$OBJECT_FILE_DIR_normal\") all";
			showEnvVarsInLog = 0;
		};
/* End PBXShellScriptBuildPhase section */

/* Begin PBXSourcesBuildPhase section */
		41DE27B7A02A43409BC4ACF0 /* Sources */ = {
			isa = PBXSourcesBuildPhase;
			buildActionMask = 2147483647;
			files = (
				2B043D661AC5480882593E11 /* /Users/yamil.rivera/Repos/wasm_demo/src/externals/boost_1_68_0/libs/chrono/src/chrono.cpp */,
				B5925CF3816443D2BB8699E3 /* /Users/yamil.rivera/Repos/wasm_demo/src/externals/boost_1_68_0/libs/chrono/src/process_cpu_clocks.cpp */,
				F7A05461B9F944D694BAA8A0 /* /Users/yamil.rivera/Repos/wasm_demo/src/externals/boost_1_68_0/libs/chrono/src/thread_clock.cpp */,
				FD4095CF6C97404B919F6F65 /* /Users/yamil.rivera/Repos/wasm_demo/src/externals/boost_1_68_0/libs/context/src/asm/jump_x86_64_sysv_macho_gas.S */,
				F5378DD9A30C4843A23336CD /* /Users/yamil.rivera/Repos/wasm_demo/src/externals/boost_1_68_0/libs/context/src/asm/make_x86_64_sysv_macho_gas.S */,
				20DDED41A0984A03BD3C935F /* /Users/yamil.rivera/Repos/wasm_demo/src/externals/boost_1_68_0/libs/context/src/asm/ontop_x86_64_sysv_macho_gas.S */,
				EE064939192E4808BAF613F0 /* /Users/yamil.rivera/Repos/wasm_demo/src/externals/boost_1_68_0/libs/context/src/execution_context.cpp */,
				1269EAC558F84C5D80FE5B28 /* /Users/yamil.rivera/Repos/wasm_demo/src/externals/boost_1_68_0/libs/context/src/posix/stack_traits.cpp */,
				F65C7554FAC9464A87828D76 /* /Users/yamil.rivera/Repos/wasm_demo/src/externals/boost_1_68_0/libs/date_time/src/gregorian/date_generators.cpp */,
				927CB2D9B735419A80A78A4C /* /Users/yamil.rivera/Repos/wasm_demo/src/externals/boost_1_68_0/libs/date_time/src/gregorian/greg_month.cpp */,
				687D4BB3D40C41318574F424 /* /Users/yamil.rivera/Repos/wasm_demo/src/externals/boost_1_68_0/libs/date_time/src/gregorian/greg_weekday.cpp */,
				3A30F46504114863B79A3BBA /* /Users/yamil.rivera/Repos/wasm_demo/src/externals/boost_1_68_0/libs/date_time/src/gregorian/gregorian_types.cpp */,
				AF9E40FE921B4D2CBB48A4C5 /* /Users/yamil.rivera/Repos/wasm_demo/src/externals/boost_1_68_0/libs/fiber/src/algo/algorithm.cpp */,
				E02922BF71CA49DFB5CF81AF /* /Users/yamil.rivera/Repos/wasm_demo/src/externals/boost_1_68_0/libs/fiber/src/algo/round_robin.cpp */,
				B8F276F4CFF24FBFBFAE6A20 /* /Users/yamil.rivera/Repos/wasm_demo/src/externals/boost_1_68_0/libs/fiber/src/algo/shared_work.cpp */,
				D7DEDB014A1D4659B9ADF7F9 /* /Users/yamil.rivera/Repos/wasm_demo/src/externals/boost_1_68_0/libs/fiber/src/algo/work_stealing.cpp */,
				606778F7A02C40A8AA67F994 /* /Users/yamil.rivera/Repos/wasm_demo/src/externals/boost_1_68_0/libs/fiber/src/barrier.cpp */,
				BC81DF61522648BCB4CC760A /* /Users/yamil.rivera/Repos/wasm_demo/src/externals/boost_1_68_0/libs/fiber/src/condition_variable.cpp */,
				5AE0EE3E27CB492D9720CF50 /* /Users/yamil.rivera/Repos/wasm_demo/src/externals/boost_1_68_0/libs/fiber/src/context.cpp */,
				66F178EE4A234C039C823D2D /* /Users/yamil.rivera/Repos/wasm_demo/src/externals/boost_1_68_0/libs/fiber/src/fiber.cpp */,
				21401DB1C8B24D8B81F3ECE2 /* /Users/yamil.rivera/Repos/wasm_demo/src/externals/boost_1_68_0/libs/fiber/src/future.cpp */,
				3FA514B45F6C48E1AF843027 /* /Users/yamil.rivera/Repos/wasm_demo/src/externals/boost_1_68_0/libs/fiber/src/mutex.cpp */,
				4E7D28BCAEBB4EF39B3F83ED /* /Users/yamil.rivera/Repos/wasm_demo/src/externals/boost_1_68_0/libs/fiber/src/properties.cpp */,
				939756FB1DA948DE98612AAF /* /Users/yamil.rivera/Repos/wasm_demo/src/externals/boost_1_68_0/libs/fiber/src/recursive_mutex.cpp */,
				F05E0739C1D3437A9BD11F88 /* /Users/yamil.rivera/Repos/wasm_demo/src/externals/boost_1_68_0/libs/fiber/src/recursive_timed_mutex.cpp */,
				32D74AE8FF4D474DA41D6182 /* /Users/yamil.rivera/Repos/wasm_demo/src/externals/boost_1_68_0/libs/fiber/src/scheduler.cpp */,
				279FB43086894E8F8D66ABA9 /* /Users/yamil.rivera/Repos/wasm_demo/src/externals/boost_1_68_0/libs/fiber/src/timed_mutex.cpp */,
				92AD0C61FB6D4F1B94722B61 /* /Users/yamil.rivera/Repos/wasm_demo/src/externals/boost_1_68_0/libs/filesystem/src/codecvt_error_category.cpp */,
				706209C925E04A5B9F22A820 /* /Users/yamil.rivera/Repos/wasm_demo/src/externals/boost_1_68_0/libs/filesystem/src/operations.cpp */,
				DA8A578D1BCF432E938F4E66 /* /Users/yamil.rivera/Repos/wasm_demo/src/externals/boost_1_68_0/libs/filesystem/src/path.cpp */,
				99611AA1B1604C7BAD846ABC /* /Users/yamil.rivera/Repos/wasm_demo/src/externals/boost_1_68_0/libs/filesystem/src/path_traits.cpp */,
				C07658375281425781EFA22E /* /Users/yamil.rivera/Repos/wasm_demo/src/externals/boost_1_68_0/libs/filesystem/src/portability.cpp */,
				7F1B488469F442C69DC9F755 /* /Users/yamil.rivera/Repos/wasm_demo/src/externals/boost_1_68_0/libs/filesystem/src/unique_path.cpp */,
				1467F565B242468F933246CB /* /Users/yamil.rivera/Repos/wasm_demo/src/externals/boost_1_68_0/libs/filesystem/src/utf8_codecvt_facet.cpp */,
				969572FD1FE644748E4EE1FC /* /Users/yamil.rivera/Repos/wasm_demo/src/externals/boost_1_68_0/libs/filesystem/src/windows_file_codecvt.cpp */,
				095B06B39FD74B9CB015E991 /* /Users/yamil.rivera/Repos/wasm_demo/src/externals/boost_1_68_0/libs/program_options/src/cmdline.cpp */,
				67300D7836424CF59CB5BD33 /* /Users/yamil.rivera/Repos/wasm_demo/src/externals/boost_1_68_0/libs/program_options/src/config_file.cpp */,
				64F66746B252417EB50F8B6A /* /Users/yamil.rivera/Repos/wasm_demo/src/externals/boost_1_68_0/libs/program_options/src/convert.cpp */,
				CAEBF8FDFAEB4613B4D950D4 /* /Users/yamil.rivera/Repos/wasm_demo/src/externals/boost_1_68_0/libs/program_options/src/options_description.cpp */,
				8090B956FFC447E08C4F689E /* /Users/yamil.rivera/Repos/wasm_demo/src/externals/boost_1_68_0/libs/program_options/src/parsers.cpp */,
				28AEF41CBA03485B9901E6F4 /* /Users/yamil.rivera/Repos/wasm_demo/src/externals/boost_1_68_0/libs/program_options/src/positional_options.cpp */,
				6A3C90645E484B38A4CABFC5 /* /Users/yamil.rivera/Repos/wasm_demo/src/externals/boost_1_68_0/libs/program_options/src/split.cpp */,
				47740499C6884FF98A9B63F4 /* /Users/yamil.rivera/Repos/wasm_demo/src/externals/boost_1_68_0/libs/program_options/src/utf8_codecvt_facet.cpp */,
				0E385DFAF7344590B41614DF /* /Users/yamil.rivera/Repos/wasm_demo/src/externals/boost_1_68_0/libs/program_options/src/value_semantic.cpp */,
				DB36F6C22F724996A7194AE0 /* /Users/yamil.rivera/Repos/wasm_demo/src/externals/boost_1_68_0/libs/program_options/src/variables_map.cpp */,
				3DAA992C5A83484692313332 /* /Users/yamil.rivera/Repos/wasm_demo/src/externals/boost_1_68_0/libs/program_options/src/winmain.cpp */,
				33326BC63BAE4984B9DA4E12 /* /Users/yamil.rivera/Repos/wasm_demo/src/externals/boost_1_68_0/libs/regex/src/c_regex_traits.cpp */,
				0BBBEDFBD6B24E8FAE8BE675 /* /Users/yamil.rivera/Repos/wasm_demo/src/externals/boost_1_68_0/libs/regex/src/cpp_regex_traits.cpp */,
				72BD11EFA6924C6AAED3145B /* /Users/yamil.rivera/Repos/wasm_demo/src/externals/boost_1_68_0/libs/regex/src/cregex.cpp */,
				18EAD66B5927472695F3A8DB /* /Users/yamil.rivera/Repos/wasm_demo/src/externals/boost_1_68_0/libs/regex/src/fileiter.cpp */,
				1118BAF9A3C6461EB841A8C7 /* /Users/yamil.rivera/Repos/wasm_demo/src/externals/boost_1_68_0/libs/regex/src/icu.cpp */,
				F743F93A596A4A13B3168C35 /* /Users/yamil.rivera/Repos/wasm_demo/src/externals/boost_1_68_0/libs/regex/src/instances.cpp */,
				D2A954F80760421C8BDBB2F9 /* /Users/yamil.rivera/Repos/wasm_demo/src/externals/boost_1_68_0/libs/regex/src/posix_api.cpp */,
				4CAC6A39CB334608ADFD83AB /* /Users/yamil.rivera/Repos/wasm_demo/src/externals/boost_1_68_0/libs/regex/src/regex.cpp */,
				1B30C043AD45475CB5C05E8D /* /Users/yamil.rivera/Repos/wasm_demo/src/externals/boost_1_68_0/libs/regex/src/regex_debug.cpp */,
				2B1FDCE3FD00436EBF417A07 /* /Users/yamil.rivera/Repos/wasm_demo/src/externals/boost_1_68_0/libs/regex/src/regex_raw_buffer.cpp */,
				BD2758E0668B4AB5A24D2565 /* /Users/yamil.rivera/Repos/wasm_demo/src/externals/boost_1_68_0/libs/regex/src/regex_traits_defaults.cpp */,
				6DF22CAE2EF543C1B62E6FD4 /* /Users/yamil.rivera/Repos/wasm_demo/src/externals/boost_1_68_0/libs/regex/src/static_mutex.cpp */,
				730C7FC9B84B44AABC2A6BB2 /* /Users/yamil.rivera/Repos/wasm_demo/src/externals/boost_1_68_0/libs/regex/src/usinstances.cpp */,
				0BF7278386CA4BFE8CF4F0E2 /* /Users/yamil.rivera/Repos/wasm_demo/src/externals/boost_1_68_0/libs/regex/src/w32_regex_traits.cpp */,
				772317230E8049C0B7B51C71 /* /Users/yamil.rivera/Repos/wasm_demo/src/externals/boost_1_68_0/libs/regex/src/wc_regex_traits.cpp */,
				5EF8B41FD004430F887C0C9E /* /Users/yamil.rivera/Repos/wasm_demo/src/externals/boost_1_68_0/libs/regex/src/wide_posix_api.cpp */,
				02D678B862E44E8B8A25EEE9 /* /Users/yamil.rivera/Repos/wasm_demo/src/externals/boost_1_68_0/libs/regex/src/winstances.cpp */,
				8829E6A5CE6C4EE3A4044BE0 /* /Users/yamil.rivera/Repos/wasm_demo/src/externals/boost_1_68_0/libs/system/src/error_code.cpp */,
			);
			runOnlyForDeploymentPostprocessing = 0;
		};
		6610E93A32D243D8B1B64DEF /* Sources */ = {
			isa = PBXSourcesBuildPhase;
			buildActionMask = 2147483647;
			files = (
				6803751DE3E74A908D4BD574 /* /Users/yamil.rivera/Repos/wasm_demo/src/libs/drm_utils/src/crypto_utils.cpp */,
			);
			runOnlyForDeploymentPostprocessing = 0;
		};
/* End PBXSourcesBuildPhase section */

/* Begin PBXTargetDependency section */
		0C36AE11020D44EFAD30603E /* PBXTargetDependency */ = {
			isa = PBXTargetDependency;
			target = 9D80973B0C42494396FD7AA5 /* vividas_drm_utils */;
			targetProxy = AB66B2E5C9A54D80AAE5869E /* PBXContainerItemProxy */;
		};
		8842C562794149308B6B9FB7 /* PBXTargetDependency */ = {
			isa = PBXTargetDependency;
			target = 22BE7A75A8224E6C8D740CBE /* boost */;
			targetProxy = D0EDCB7C7E3843FEB0BFE7D5 /* PBXContainerItemProxy */;
		};
		BA54D414D3044E8BB26CABB2 /* PBXTargetDependency */ = {
			isa = PBXTargetDependency;
			target = D51530FBC2894A889D30182C /* ZERO_CHECK */;
			targetProxy = CC2870CED0714293BA17763B /* PBXContainerItemProxy */;
		};
		D84E87BA6BEF41308850865B /* PBXTargetDependency */ = {
			isa = PBXTargetDependency;
			target = 22BE7A75A8224E6C8D740CBE /* boost */;
			targetProxy = 404F13CF839C46288B307997 /* PBXContainerItemProxy */;
		};
/* End PBXTargetDependency section */

/* Begin XCBuildConfiguration section */
		0A0110B75FF040D886CD2A66 /* RelWithDebInfo */ = {
			isa = XCBuildConfiguration;
			buildSettings = {
				COMBINE_HIDPI_IMAGES = YES;
				EXECUTABLE_PREFIX = lib;
				EXECUTABLE_SUFFIX = .a;
				GCC_GENERATE_DEBUGGING_SYMBOLS = YES;
				GCC_INLINES_ARE_PRIVATE_EXTERN = NO;
				GCC_OPTIMIZATION_LEVEL = 2;
				GCC_PREPROCESSOR_DEFINITIONS = ("'CMAKE_INTDIR=\"$(CONFIGURATION)$(EFFECTIVE_PLATFORM_NAME)\"'",BOOST_ALL_NO_LIB,BOOST_CONTEXT_EXPORT,BOOST_ASIO_HAS_STD_STRING_VIEW);
				GCC_SYMBOLS_PRIVATE_EXTERN = NO;
				HEADER_SEARCH_PATHS = (/Users/yamil.rivera/Repos/wasm_demo/src/externals/boost_1_68_0/.);
				INSTALL_PATH = "";
				LIBRARY_STYLE = STATIC;
				OTHER_CPLUSPLUSFLAGS = "       -DNDEBUG '-std=gnu++14'  ";
				OTHER_LIBTOOLFLAGS = " ";
				OTHER_REZFLAGS = "";
				PRODUCT_NAME = boost;
				SECTORDER_FLAGS = "";
				SYMROOT = "/Users/yamil.rivera/Repos/wasm_demo/build-darwin/src/externals/boost_1_68_0";
				USE_HEADERMAP = NO;
				WARNING_CFLAGS = ("-Wmost","-Wno-four-char-constants","-Wno-unknown-pragmas","$(inherited)");
			};
			name = RelWithDebInfo;
		};
		0A163D228CF349F881748592 /* MinSizeRel */ = {
			isa = XCBuildConfiguration;
			buildSettings = {
				COMBINE_HIDPI_IMAGES = YES;
				EXECUTABLE_PREFIX = lib;
				EXECUTABLE_SUFFIX = .a;
				GCC_GENERATE_DEBUGGING_SYMBOLS = NO;
				GCC_INLINES_ARE_PRIVATE_EXTERN = NO;
				GCC_OPTIMIZATION_LEVEL = s;
				GCC_PREPROCESSOR_DEFINITIONS = ("'CMAKE_INTDIR=\"$(CONFIGURATION)$(EFFECTIVE_PLATFORM_NAME)\"'",BOOST_ALL_NO_LIB,BOOST_CONTEXT_EXPORT,BOOST_ASIO_HAS_STD_STRING_VIEW);
				GCC_SYMBOLS_PRIVATE_EXTERN = NO;
				HEADER_SEARCH_PATHS = (/Users/yamil.rivera/Repos/wasm_demo/src/externals/boost_1_68_0/.);
				INSTALL_PATH = "";
				LIBRARY_STYLE = STATIC;
				OTHER_CPLUSPLUSFLAGS = "    -DNDEBUG '-std=gnu++14'  ";
				OTHER_LIBTOOLFLAGS = " ";
				OTHER_REZFLAGS = "";
				PRODUCT_NAME = boost;
				SECTORDER_FLAGS = "";
				SYMROOT = "/Users/yamil.rivera/Repos/wasm_demo/build-darwin/src/externals/boost_1_68_0";
				USE_HEADERMAP = NO;
				WARNING_CFLAGS = ("-Wmost","-Wno-four-char-constants","-Wno-unknown-pragmas","$(inherited)");
			};
			name = MinSizeRel;
		};
		2900FF365BA0452D9AD707D0 /* Debug */ = {
			isa = XCBuildConfiguration;
			buildSettings = {
				COMBINE_HIDPI_IMAGES = YES;
				GCC_GENERATE_DEBUGGING_SYMBOLS = YES;
				GCC_INLINES_ARE_PRIVATE_EXTERN = NO;
				GCC_OPTIMIZATION_LEVEL = 0;
				GCC_PREPROCESSOR_DEFINITIONS = ("'CMAKE_INTDIR=\"$(CONFIGURATION)$(EFFECTIVE_PLATFORM_NAME)\"'");
				GCC_SYMBOLS_PRIVATE_EXTERN = NO;
				INSTALL_PATH = "";
				OTHER_LDFLAGS = " ";
				OTHER_REZFLAGS = "";
				PRODUCT_NAME = ZERO_CHECK;
				SECTORDER_FLAGS = "";
				SYMROOT = "/Users/yamil.rivera/Repos/wasm_demo/build-darwin";
				USE_HEADERMAP = NO;
				WARNING_CFLAGS = ("-Wmost","-Wno-four-char-constants","-Wno-unknown-pragmas","$(inherited)");
			};
			name = Debug;
		};
		2AEBCDEF357948FDB41EDD80 /* Release */ = {
			isa = XCBuildConfiguration;
			buildSettings = {
				COMBINE_HIDPI_IMAGES = YES;
				EXECUTABLE_PREFIX = lib;
				EXECUTABLE_SUFFIX = .a;
				GCC_GENERATE_DEBUGGING_SYMBOLS = NO;
				GCC_INLINES_ARE_PRIVATE_EXTERN = NO;
				GCC_OPTIMIZATION_LEVEL = 3;
				GCC_PREPROCESSOR_DEFINITIONS = ("'CMAKE_INTDIR=\"$(CONFIGURATION)$(EFFECTIVE_PLATFORM_NAME)\"'",BOOST_ALL_NO_LIB,BOOST_CONTEXT_EXPORT,BOOST_ASIO_HAS_STD_STRING_VIEW);
				GCC_SYMBOLS_PRIVATE_EXTERN = NO;
				HEADER_SEARCH_PATHS = (/Users/yamil.rivera/Repos/wasm_demo/src/externals/boost_1_68_0/.);
				INSTALL_PATH = "";
				LIBRARY_STYLE = STATIC;
				OTHER_CPLUSPLUSFLAGS = "    -DNDEBUG '-std=gnu++14'  ";
				OTHER_LIBTOOLFLAGS = " ";
				OTHER_REZFLAGS = "";
				PRODUCT_NAME = boost;
				SECTORDER_FLAGS = "";
				SYMROOT = "/Users/yamil.rivera/Repos/wasm_demo/build-darwin/src/externals/boost_1_68_0";
				USE_HEADERMAP = NO;
				WARNING_CFLAGS = ("-Wmost","-Wno-four-char-constants","-Wno-unknown-pragmas","$(inherited)");
			};
			name = Release;
		};
		2F405FAB196E45D3BF49995D /* RelWithDebInfo */ = {
			isa = XCBuildConfiguration;
			buildSettings = {
				COMBINE_HIDPI_IMAGES = YES;
				EXECUTABLE_PREFIX = lib;
				EXECUTABLE_SUFFIX = .a;
				GCC_GENERATE_DEBUGGING_SYMBOLS = YES;
				GCC_INLINES_ARE_PRIVATE_EXTERN = NO;
				GCC_OPTIMIZATION_LEVEL = 2;
				GCC_PREPROCESSOR_DEFINITIONS = ("'CMAKE_INTDIR=\"$(CONFIGURATION)$(EFFECTIVE_PLATFORM_NAME)\"'","'VIV_API='",BOOST_ALL_NO_LIB,BOOST_CONTEXT_EXPORT,BOOST_ASIO_HAS_STD_STRING_VIEW);
				GCC_SYMBOLS_PRIVATE_EXTERN = NO;
				HEADER_SEARCH_PATHS = (/Users/yamil.rivera/Repos/wasm_demo/src/externals/boost_1_68_0,"/Users/yamil.rivera/Repos/wasm_demo/src/externals/spdlog-/include","/Users/yamil.rivera/Repos/wasm_demo/src/externals/openssl-1.1.0f-darwin/include",/Users/yamil.rivera/Repos/wasm_demo/src/libs/drm_utils/include,/Users/yamil.rivera/Repos/wasm_demo/src/libs/drm_utils/src,/Users/yamil.rivera/Repos/wasm_demo/src/externals/boost_1_68_0/.);
				INSTALL_PATH = "";
				LIBRARY_STYLE = STATIC;
				OTHER_CPLUSPLUSFLAGS = "       -DNDEBUG '-std=gnu++14'  ";
				OTHER_LIBTOOLFLAGS = " ";
				OTHER_REZFLAGS = "";
				PRODUCT_NAME = vividas_drm_utils;
				SECTORDER_FLAGS = "";
				SYMROOT = "/Users/yamil.rivera/Repos/wasm_demo/build-darwin/src/libs/drm_utils";
				USE_HEADERMAP = NO;
				WARNING_CFLAGS = ("-Wmost","-Wno-four-char-constants","-Wno-unknown-pragmas","$(inherited)");
			};
			name = RelWithDebInfo;
		};
		3003AFB5F7D4423D9461C217 /* Debug */ = {
			isa = XCBuildConfiguration;
			buildSettings = {
				COMBINE_HIDPI_IMAGES = YES;
				EXECUTABLE_PREFIX = lib;
				EXECUTABLE_SUFFIX = .a;
				GCC_GENERATE_DEBUGGING_SYMBOLS = YES;
				GCC_INLINES_ARE_PRIVATE_EXTERN = NO;
				GCC_OPTIMIZATION_LEVEL = 0;
				GCC_PREPROCESSOR_DEFINITIONS = ("'CMAKE_INTDIR=\"$(CONFIGURATION)$(EFFECTIVE_PLATFORM_NAME)\"'","'VIV_API='",BOOST_ALL_NO_LIB,BOOST_CONTEXT_EXPORT,BOOST_ASIO_HAS_STD_STRING_VIEW);
				GCC_SYMBOLS_PRIVATE_EXTERN = NO;
				HEADER_SEARCH_PATHS = (/Users/yamil.rivera/Repos/wasm_demo/src/externals/boost_1_68_0,"/Users/yamil.rivera/Repos/wasm_demo/src/externals/spdlog-/include","/Users/yamil.rivera/Repos/wasm_demo/src/externals/openssl-1.1.0f-darwin/include",/Users/yamil.rivera/Repos/wasm_demo/src/libs/drm_utils/include,/Users/yamil.rivera/Repos/wasm_demo/src/libs/drm_utils/src,/Users/yamil.rivera/Repos/wasm_demo/src/externals/boost_1_68_0/.);
				INSTALL_PATH = "";
				LIBRARY_STYLE = STATIC;
				OTHER_CPLUSPLUSFLAGS = "   '-std=gnu++14'  ";
				OTHER_LIBTOOLFLAGS = " ";
				OTHER_REZFLAGS = "";
				PRODUCT_NAME = vividas_drm_utils;
				SECTORDER_FLAGS = "";
				SYMROOT = "/Users/yamil.rivera/Repos/wasm_demo/build-darwin/src/libs/drm_utils";
				USE_HEADERMAP = NO;
				WARNING_CFLAGS = ("-Wmost","-Wno-four-char-constants","-Wno-unknown-pragmas","$(inherited)");
			};
			name = Debug;
		};
		33EF6F2658E840AC838FD70D /* MinSizeRel */ = {
			isa = XCBuildConfiguration;
			buildSettings = {
				ONLY_ACTIVE_ARCH = YES;
				SDKROOT = /Applications/Xcode.app/Contents/Developer/Platforms/MacOSX.platform/Developer/SDKs/MacOSX10.14.sdk;
				SYMROOT = "/Users/yamil.rivera/Repos/wasm_demo/build-darwin/build";
			};
			name = MinSizeRel;
		};
		36BA49AD9AB54747B156C285 /* RelWithDebInfo */ = {
			isa = XCBuildConfiguration;
			buildSettings = {
				ONLY_ACTIVE_ARCH = YES;
				SDKROOT = /Applications/Xcode.app/Contents/Developer/Platforms/MacOSX.platform/Developer/SDKs/MacOSX10.14.sdk;
				SYMROOT = "/Users/yamil.rivera/Repos/wasm_demo/build-darwin/build";
			};
			name = RelWithDebInfo;
		};
		3A32E8BE7AD04E3CAEC0197C /* Release */ = {
			isa = XCBuildConfiguration;
			buildSettings = {
				ONLY_ACTIVE_ARCH = YES;
				SDKROOT = /Applications/Xcode.app/Contents/Developer/Platforms/MacOSX.platform/Developer/SDKs/MacOSX10.14.sdk;
				SYMROOT = "/Users/yamil.rivera/Repos/wasm_demo/build-darwin/build";
			};
			name = Release;
		};
		418FB3C5D427485090AD8A50 /* MinSizeRel */ = {
			isa = XCBuildConfiguration;
			buildSettings = {
				COMBINE_HIDPI_IMAGES = YES;
				GCC_GENERATE_DEBUGGING_SYMBOLS = YES;
				GCC_INLINES_ARE_PRIVATE_EXTERN = NO;
				GCC_OPTIMIZATION_LEVEL = 0;
				GCC_PREPROCESSOR_DEFINITIONS = ("'CMAKE_INTDIR=\"$(CONFIGURATION)$(EFFECTIVE_PLATFORM_NAME)\"'");
				GCC_SYMBOLS_PRIVATE_EXTERN = NO;
				INSTALL_PATH = "";
				OTHER_LDFLAGS = " ";
				OTHER_REZFLAGS = "";
				PRODUCT_NAME = ALL_BUILD;
				SECTORDER_FLAGS = "";
				SYMROOT = "/Users/yamil.rivera/Repos/wasm_demo/build-darwin";
				USE_HEADERMAP = NO;
				WARNING_CFLAGS = ("-Wmost","-Wno-four-char-constants","-Wno-unknown-pragmas","$(inherited)");
			};
			name = MinSizeRel;
		};
		422E7DB142EA4BDFA1AAF105 /* MinSizeRel */ = {
			isa = XCBuildConfiguration;
			buildSettings = {
				COMBINE_HIDPI_IMAGES = YES;
				EXECUTABLE_PREFIX = lib;
				EXECUTABLE_SUFFIX = .a;
				GCC_GENERATE_DEBUGGING_SYMBOLS = NO;
				GCC_INLINES_ARE_PRIVATE_EXTERN = NO;
				GCC_OPTIMIZATION_LEVEL = s;
				GCC_PREPROCESSOR_DEFINITIONS = ("'CMAKE_INTDIR=\"$(CONFIGURATION)$(EFFECTIVE_PLATFORM_NAME)\"'","'VIV_API='",BOOST_ALL_NO_LIB,BOOST_CONTEXT_EXPORT,BOOST_ASIO_HAS_STD_STRING_VIEW);
				GCC_SYMBOLS_PRIVATE_EXTERN = NO;
				HEADER_SEARCH_PATHS = (/Users/yamil.rivera/Repos/wasm_demo/src/externals/boost_1_68_0,"/Users/yamil.rivera/Repos/wasm_demo/src/externals/spdlog-/include","/Users/yamil.rivera/Repos/wasm_demo/src/externals/openssl-1.1.0f-darwin/include",/Users/yamil.rivera/Repos/wasm_demo/src/libs/drm_utils/include,/Users/yamil.rivera/Repos/wasm_demo/src/libs/drm_utils/src,/Users/yamil.rivera/Repos/wasm_demo/src/externals/boost_1_68_0/.);
				INSTALL_PATH = "";
				LIBRARY_STYLE = STATIC;
				OTHER_CPLUSPLUSFLAGS = "    -DNDEBUG '-std=gnu++14'  ";
				OTHER_LIBTOOLFLAGS = " ";
				OTHER_REZFLAGS = "";
				PRODUCT_NAME = vividas_drm_utils;
				SECTORDER_FLAGS = "";
				SYMROOT = "/Users/yamil.rivera/Repos/wasm_demo/build-darwin/src/libs/drm_utils";
				USE_HEADERMAP = NO;
				WARNING_CFLAGS = ("-Wmost","-Wno-four-char-constants","-Wno-unknown-pragmas","$(inherited)");
			};
			name = MinSizeRel;
		};
		5E42039B2C9C45E89C8E0B74 /* Debug */ = {
			isa = XCBuildConfiguration;
			buildSettings = {
				ONLY_ACTIVE_ARCH = YES;
				SDKROOT = /Applications/Xcode.app/Contents/Developer/Platforms/MacOSX.platform/Developer/SDKs/MacOSX10.14.sdk;
				SYMROOT = "/Users/yamil.rivera/Repos/wasm_demo/build-darwin/build";
			};
			name = Debug;
		};
		68E14D397A894D4CAD9F56E5 /* Release */ = {
			isa = XCBuildConfiguration;
			buildSettings = {
				COMBINE_HIDPI_IMAGES = YES;
				GCC_GENERATE_DEBUGGING_SYMBOLS = YES;
				GCC_INLINES_ARE_PRIVATE_EXTERN = NO;
				GCC_OPTIMIZATION_LEVEL = 0;
				GCC_PREPROCESSOR_DEFINITIONS = ("'CMAKE_INTDIR=\"$(CONFIGURATION)$(EFFECTIVE_PLATFORM_NAME)\"'");
				GCC_SYMBOLS_PRIVATE_EXTERN = NO;
				INSTALL_PATH = "";
				OTHER_LDFLAGS = " ";
				OTHER_REZFLAGS = "";
				PRODUCT_NAME = ZERO_CHECK;
				SECTORDER_FLAGS = "";
				SYMROOT = "/Users/yamil.rivera/Repos/wasm_demo/build-darwin";
				USE_HEADERMAP = NO;
				WARNING_CFLAGS = ("-Wmost","-Wno-four-char-constants","-Wno-unknown-pragmas","$(inherited)");
			};
			name = Release;
		};
		7B4E62EF35FF48C38FDF29C5 /* MinSizeRel */ = {
			isa = XCBuildConfiguration;
			buildSettings = {
				COMBINE_HIDPI_IMAGES = YES;
				GCC_GENERATE_DEBUGGING_SYMBOLS = YES;
				GCC_INLINES_ARE_PRIVATE_EXTERN = NO;
				GCC_OPTIMIZATION_LEVEL = 0;
				GCC_PREPROCESSOR_DEFINITIONS = ("'CMAKE_INTDIR=\"$(CONFIGURATION)$(EFFECTIVE_PLATFORM_NAME)\"'");
				GCC_SYMBOLS_PRIVATE_EXTERN = NO;
				INSTALL_PATH = "";
				OTHER_LDFLAGS = " ";
				OTHER_REZFLAGS = "";
				PRODUCT_NAME = ZERO_CHECK;
				SECTORDER_FLAGS = "";
				SYMROOT = "/Users/yamil.rivera/Repos/wasm_demo/build-darwin";
				USE_HEADERMAP = NO;
				WARNING_CFLAGS = ("-Wmost","-Wno-four-char-constants","-Wno-unknown-pragmas","$(inherited)");
			};
			name = MinSizeRel;
		};
		7D3A791DFF704965B7949426 /* RelWithDebInfo */ = {
			isa = XCBuildConfiguration;
			buildSettings = {
				COMBINE_HIDPI_IMAGES = YES;
				GCC_GENERATE_DEBUGGING_SYMBOLS = YES;
				GCC_INLINES_ARE_PRIVATE_EXTERN = NO;
				GCC_OPTIMIZATION_LEVEL = 0;
				GCC_PREPROCESSOR_DEFINITIONS = ("'CMAKE_INTDIR=\"$(CONFIGURATION)$(EFFECTIVE_PLATFORM_NAME)\"'");
				GCC_SYMBOLS_PRIVATE_EXTERN = NO;
				INSTALL_PATH = "";
				OTHER_LDFLAGS = " ";
				OTHER_REZFLAGS = "";
				PRODUCT_NAME = ALL_BUILD;
				SECTORDER_FLAGS = "";
				SYMROOT = "/Users/yamil.rivera/Repos/wasm_demo/build-darwin";
				USE_HEADERMAP = NO;
				WARNING_CFLAGS = ("-Wmost","-Wno-four-char-constants","-Wno-unknown-pragmas","$(inherited)");
			};
			name = RelWithDebInfo;
		};
		9628CED3329B47A5A7EDA35F /* Release */ = {
			isa = XCBuildConfiguration;
			buildSettings = {
				COMBINE_HIDPI_IMAGES = YES;
				GCC_GENERATE_DEBUGGING_SYMBOLS = YES;
				GCC_INLINES_ARE_PRIVATE_EXTERN = NO;
				GCC_OPTIMIZATION_LEVEL = 0;
				GCC_PREPROCESSOR_DEFINITIONS = ("'CMAKE_INTDIR=\"$(CONFIGURATION)$(EFFECTIVE_PLATFORM_NAME)\"'");
				GCC_SYMBOLS_PRIVATE_EXTERN = NO;
				INSTALL_PATH = "";
				OTHER_LDFLAGS = " ";
				OTHER_REZFLAGS = "";
				PRODUCT_NAME = ALL_BUILD;
				SECTORDER_FLAGS = "";
				SYMROOT = "/Users/yamil.rivera/Repos/wasm_demo/build-darwin";
				USE_HEADERMAP = NO;
				WARNING_CFLAGS = ("-Wmost","-Wno-four-char-constants","-Wno-unknown-pragmas","$(inherited)");
			};
			name = Release;
		};
		B3750EEFE933460D817B112C /* RelWithDebInfo */ = {
			isa = XCBuildConfiguration;
			buildSettings = {
				COMBINE_HIDPI_IMAGES = YES;
				GCC_GENERATE_DEBUGGING_SYMBOLS = YES;
				GCC_INLINES_ARE_PRIVATE_EXTERN = NO;
				GCC_OPTIMIZATION_LEVEL = 0;
				GCC_PREPROCESSOR_DEFINITIONS = ("'CMAKE_INTDIR=\"$(CONFIGURATION)$(EFFECTIVE_PLATFORM_NAME)\"'");
				GCC_SYMBOLS_PRIVATE_EXTERN = NO;
				INSTALL_PATH = "";
				OTHER_LDFLAGS = " ";
				OTHER_REZFLAGS = "";
				PRODUCT_NAME = ZERO_CHECK;
				SECTORDER_FLAGS = "";
				SYMROOT = "/Users/yamil.rivera/Repos/wasm_demo/build-darwin";
				USE_HEADERMAP = NO;
				WARNING_CFLAGS = ("-Wmost","-Wno-four-char-constants","-Wno-unknown-pragmas","$(inherited)");
			};
			name = RelWithDebInfo;
		};
		D1A9A0CC33DC4064A54FE210 /* Debug */ = {
			isa = XCBuildConfiguration;
			buildSettings = {
				COMBINE_HIDPI_IMAGES = YES;
				EXECUTABLE_PREFIX = lib;
				EXECUTABLE_SUFFIX = .a;
				GCC_GENERATE_DEBUGGING_SYMBOLS = YES;
				GCC_INLINES_ARE_PRIVATE_EXTERN = NO;
				GCC_OPTIMIZATION_LEVEL = 0;
				GCC_PREPROCESSOR_DEFINITIONS = ("'CMAKE_INTDIR=\"$(CONFIGURATION)$(EFFECTIVE_PLATFORM_NAME)\"'",BOOST_ALL_NO_LIB,BOOST_CONTEXT_EXPORT,BOOST_ASIO_HAS_STD_STRING_VIEW);
				GCC_SYMBOLS_PRIVATE_EXTERN = NO;
				HEADER_SEARCH_PATHS = (/Users/yamil.rivera/Repos/wasm_demo/src/externals/boost_1_68_0/.);
				INSTALL_PATH = "";
				LIBRARY_STYLE = STATIC;
				OTHER_CPLUSPLUSFLAGS = "   '-std=gnu++14'  ";
				OTHER_LIBTOOLFLAGS = " ";
				OTHER_REZFLAGS = "";
				PRODUCT_NAME = boost;
				SECTORDER_FLAGS = "";
				SYMROOT = "/Users/yamil.rivera/Repos/wasm_demo/build-darwin/src/externals/boost_1_68_0";
				USE_HEADERMAP = NO;
				WARNING_CFLAGS = ("-Wmost","-Wno-four-char-constants","-Wno-unknown-pragmas","$(inherited)");
			};
			name = Debug;
		};
		D51ED981196D4FDF9A9E7ADA /* Debug */ = {
			isa = XCBuildConfiguration;
			buildSettings = {
				COMBINE_HIDPI_IMAGES = YES;
				GCC_GENERATE_DEBUGGING_SYMBOLS = YES;
				GCC_INLINES_ARE_PRIVATE_EXTERN = NO;
				GCC_OPTIMIZATION_LEVEL = 0;
				GCC_PREPROCESSOR_DEFINITIONS = ("'CMAKE_INTDIR=\"$(CONFIGURATION)$(EFFECTIVE_PLATFORM_NAME)\"'");
				GCC_SYMBOLS_PRIVATE_EXTERN = NO;
				INSTALL_PATH = "";
				OTHER_LDFLAGS = " ";
				OTHER_REZFLAGS = "";
				PRODUCT_NAME = ALL_BUILD;
				SECTORDER_FLAGS = "";
				SYMROOT = "/Users/yamil.rivera/Repos/wasm_demo/build-darwin";
				USE_HEADERMAP = NO;
				WARNING_CFLAGS = ("-Wmost","-Wno-four-char-constants","-Wno-unknown-pragmas","$(inherited)");
			};
			name = Debug;
		};
		DE941B1848BF4DF59BD55880 /* Release */ = {
			isa = XCBuildConfiguration;
			buildSettings = {
				COMBINE_HIDPI_IMAGES = YES;
				EXECUTABLE_PREFIX = lib;
				EXECUTABLE_SUFFIX = .a;
				GCC_GENERATE_DEBUGGING_SYMBOLS = NO;
				GCC_INLINES_ARE_PRIVATE_EXTERN = NO;
				GCC_OPTIMIZATION_LEVEL = 3;
				GCC_PREPROCESSOR_DEFINITIONS = ("'CMAKE_INTDIR=\"$(CONFIGURATION)$(EFFECTIVE_PLATFORM_NAME)\"'","'VIV_API='",BOOST_ALL_NO_LIB,BOOST_CONTEXT_EXPORT,BOOST_ASIO_HAS_STD_STRING_VIEW);
				GCC_SYMBOLS_PRIVATE_EXTERN = NO;
				HEADER_SEARCH_PATHS = (/Users/yamil.rivera/Repos/wasm_demo/src/externals/boost_1_68_0,"/Users/yamil.rivera/Repos/wasm_demo/src/externals/spdlog-/include","/Users/yamil.rivera/Repos/wasm_demo/src/externals/openssl-1.1.0f-darwin/include",/Users/yamil.rivera/Repos/wasm_demo/src/libs/drm_utils/include,/Users/yamil.rivera/Repos/wasm_demo/src/libs/drm_utils/src,/Users/yamil.rivera/Repos/wasm_demo/src/externals/boost_1_68_0/.);
				INSTALL_PATH = "";
				LIBRARY_STYLE = STATIC;
				OTHER_CPLUSPLUSFLAGS = "    -DNDEBUG '-std=gnu++14'  ";
				OTHER_LIBTOOLFLAGS = " ";
				OTHER_REZFLAGS = "";
				PRODUCT_NAME = vividas_drm_utils;
				SECTORDER_FLAGS = "";
				SYMROOT = "/Users/yamil.rivera/Repos/wasm_demo/build-darwin/src/libs/drm_utils";
				USE_HEADERMAP = NO;
				WARNING_CFLAGS = ("-Wmost","-Wno-four-char-constants","-Wno-unknown-pragmas","$(inherited)");
			};
			name = Release;
		};
/* End XCBuildConfiguration section */

/* Begin XCConfigurationList section */
		14B96639796645259F17E573 /* Build configuration list for PBXProject "vividas_core" */ = {
			isa = XCConfigurationList;
			buildConfigurations = (
				5E42039B2C9C45E89C8E0B74 /* Debug */,
				3A32E8BE7AD04E3CAEC0197C /* Release */,
				33EF6F2658E840AC838FD70D /* MinSizeRel */,
				36BA49AD9AB54747B156C285 /* RelWithDebInfo */,
			);
			defaultConfigurationIsVisible = 0;
			defaultConfigurationName = Debug;
		};
		88ECE2220568450BAAC5ACC5 /* Build configuration list for PBXAggregateTarget "ZERO_CHECK" */ = {
			isa = XCConfigurationList;
			buildConfigurations = (
				2900FF365BA0452D9AD707D0 /* Debug */,
				68E14D397A894D4CAD9F56E5 /* Release */,
				7B4E62EF35FF48C38FDF29C5 /* MinSizeRel */,
				B3750EEFE933460D817B112C /* RelWithDebInfo */,
			);
			defaultConfigurationIsVisible = 0;
			defaultConfigurationName = Debug;
		};
		C6A7EC7AB42F46E29558D22F /* Build configuration list for PBXAggregateTarget "ALL_BUILD" */ = {
			isa = XCConfigurationList;
			buildConfigurations = (
				D51ED981196D4FDF9A9E7ADA /* Debug */,
				9628CED3329B47A5A7EDA35F /* Release */,
				418FB3C5D427485090AD8A50 /* MinSizeRel */,
				7D3A791DFF704965B7949426 /* RelWithDebInfo */,
			);
			defaultConfigurationIsVisible = 0;
			defaultConfigurationName = Debug;
		};
		D864DDACA6C4426B8E16879A /* Build configuration list for PBXNativeTarget "vividas_drm_utils" */ = {
			isa = XCConfigurationList;
			buildConfigurations = (
				3003AFB5F7D4423D9461C217 /* Debug */,
				DE941B1848BF4DF59BD55880 /* Release */,
				422E7DB142EA4BDFA1AAF105 /* MinSizeRel */,
				2F405FAB196E45D3BF49995D /* RelWithDebInfo */,
			);
			defaultConfigurationIsVisible = 0;
			defaultConfigurationName = Debug;
		};
		ED65C06DF45E4A8D8D1CB2A4 /* Build configuration list for PBXNativeTarget "boost" */ = {
			isa = XCConfigurationList;
			buildConfigurations = (
				D1A9A0CC33DC4064A54FE210 /* Debug */,
				2AEBCDEF357948FDB41EDD80 /* Release */,
				0A163D228CF349F881748592 /* MinSizeRel */,
				0A0110B75FF040D886CD2A66 /* RelWithDebInfo */,
			);
			defaultConfigurationIsVisible = 0;
			defaultConfigurationName = Debug;
		};
/* End XCConfigurationList section */
	};
	rootObject = DA411C45314E40AF9F98FEB5 /* Project object */;
}
